{
    "version": 3,
    "terraform_version": "0.11.3",
    "serial": 28,
    "lineage": "c86de841-ba71-45dd-a66c-2ea3e8280837",
    "modules": [
        {
            "path": [
                "root"
            ],
            "outputs": {
                "eb_application_name": {
                    "sensitive": false,
                    "type": "string",
                    "value": "poswallet"
                },
                "ec2_instance_profile_role_name": {
                    "sensitive": false,
                    "type": "string",
                    "value": "poswallet-default-poswallet-ec2"
                },
                "elb_dns_name": {
                    "sensitive": false,
                    "type": "string",
                    "value": "poswallet-default-poswallet.hpi7yftnrp.us-east-1.elasticbeanstalk.com"
                },
                "elb_zone_id": {
                    "sensitive": false,
                    "type": "string",
                    "value": "Z117KPS5GTRQ2G"
                },
                "host": {
                    "sensitive": false,
                    "type": "string",
                    "value": "poswallet.poswallet.io"
                },
                "name": {
                    "sensitive": false,
                    "type": "string",
                    "value": "poswallet-default-poswallet"
                }
            },
            "resources": {
                "aws_ecr_repository.default": {
                    "type": "aws_ecr_repository",
                    "depends_on": [],
                    "primary": {
                        "id": "poswallet",
                        "attributes": {
                            "arn": "arn:aws:ecr:us-east-1:343026901112:repository/poswallet",
                            "id": "poswallet",
                            "name": "poswallet",
                            "registry_id": "343026901112",
                            "repository_url": "343026901112.dkr.ecr.us-east-1.amazonaws.com/poswallet"
                        },
                        "meta": {},
                        "tainted": false
                    },
                    "deposed": [],
                    "provider": "provider.aws"
                },
                "aws_ecr_repository.keycloaj": {
                    "type": "aws_ecr_repository",
                    "depends_on": [],
                    "primary": {
                        "id": "poswallet-keycloak",
                        "attributes": {
                            "arn": "arn:aws:ecr:us-east-1:343026901112:repository/poswallet-keycloak",
                            "id": "poswallet-keycloak",
                            "name": "poswallet-keycloak",
                            "registry_id": "343026901112",
                            "repository_url": "343026901112.dkr.ecr.us-east-1.amazonaws.com/poswallet-keycloak"
                        },
                        "meta": {},
                        "tainted": false
                    },
                    "deposed": [],
                    "provider": "provider.aws"
                },
                "aws_elastic_beanstalk_application.default": {
                    "type": "aws_elastic_beanstalk_application",
                    "depends_on": [],
                    "primary": {
                        "id": "poswallet",
                        "attributes": {
                            "description": "poswallet",
                            "id": "poswallet",
                            "name": "poswallet"
                        },
                        "meta": {},
                        "tainted": false
                    },
                    "deposed": [],
                    "provider": "provider.aws"
                },
                "aws_elastic_beanstalk_application.keycloak": {
                    "type": "aws_elastic_beanstalk_application",
                    "depends_on": [],
                    "primary": {
                        "id": "poswallet-keycloak",
                        "attributes": {
                            "description": "poswallet-keycloak",
                            "id": "poswallet-keycloak",
                            "name": "poswallet-keycloak"
                        },
                        "meta": {},
                        "tainted": false
                    },
                    "deposed": [],
                    "provider": "provider.aws"
                },
                "aws_elastic_beanstalk_environment.default": {
                    "type": "aws_elastic_beanstalk_environment",
                    "depends_on": [
                        "aws_elastic_beanstalk_application.default",
                        "aws_iam_instance_profile.ec2",
                        "aws_iam_role.service",
                        "aws_s3_bucket.elb_logs",
                        "module.dynamic_subnets",
                        "module.label",
                        "module.rds_cluster_aurora",
                        "module.vpc"
                    ],
                    "primary": {
                        "id": "e-rtmnyubxkg",
                        "attributes": {
                            "all_settings.#": "112",
                            "all_settings.1036703857.name": "EvaluationPeriods",
                            "all_settings.1036703857.namespace": "aws:autoscaling:trigger",
                            "all_settings.1036703857.resource": "",
                            "all_settings.1036703857.value": "1",
                            "all_settings.1039973377.name": "InstancePort",
                            "all_settings.1039973377.namespace": "aws:elb:listener:22",
                            "all_settings.1039973377.resource": "",
                            "all_settings.1039973377.value": "22",
                            "all_settings.1093784765.name": "ListenerProtocol",
                            "all_settings.1093784765.namespace": "aws:elb:listener:80",
                            "all_settings.1093784765.resource": "",
                            "all_settings.1093784765.value": "HTTP",
                            "all_settings.1105127146.name": "LoadBalancerPortProtocol",
                            "all_settings.1105127146.namespace": "aws:elb:loadbalancer",
                            "all_settings.1105127146.resource": "",
                            "all_settings.1105127146.value": "HTTP",
                            "all_settings.1136119684.name": "RootVolumeSize",
                            "all_settings.1136119684.namespace": "aws:autoscaling:launchconfiguration",
                            "all_settings.1136119684.resource": "",
                            "all_settings.1136119684.value": "8",
                            "all_settings.1176630298.name": "PG_USER",
                            "all_settings.1176630298.namespace": "aws:elasticbeanstalk:application:environment",
                            "all_settings.1176630298.resource": "",
                            "all_settings.1176630298.value": "devteam",
                            "all_settings.1194166391.name": "BlockDeviceMappings",
                            "all_settings.1194166391.namespace": "aws:autoscaling:launchconfiguration",
                            "all_settings.1194166391.resource": "",
                            "all_settings.1194166391.value": "/dev/xvdcz=:12:true:gp2",
                            "all_settings.1201312680.name": "ListenerEnabled",
                            "all_settings.1201312680.namespace": "aws:elb:listener:443",
                            "all_settings.1201312680.resource": "",
                            "all_settings.1201312680.value": "false",
                            "all_settings.1311926541.name": "RollingUpdateEnabled",
                            "all_settings.1311926541.namespace": "aws:autoscaling:updatepolicy:rollingupdate",
                            "all_settings.1311926541.resource": "",
                            "all_settings.1311926541.value": "true",
                            "all_settings.1319806035.name": "InstanceType",
                            "all_settings.1319806035.namespace": "aws:autoscaling:launchconfiguration",
                            "all_settings.1319806035.resource": "",
                            "all_settings.1319806035.value": "m3.large",
                            "all_settings.1384328253.name": "ELBScheme",
                            "all_settings.1384328253.namespace": "aws:ec2:vpc",
                            "all_settings.1384328253.resource": "",
                            "all_settings.1384328253.value": "public",
                            "all_settings.1487137936.name": "IgnoreHealthCheck",
                            "all_settings.1487137936.namespace": "aws:elasticbeanstalk:command",
                            "all_settings.1487137936.resource": "",
                            "all_settings.1487137936.value": "false",
                            "all_settings.1497664210.name": "CrossZone",
                            "all_settings.1497664210.namespace": "aws:elb:loadbalancer",
                            "all_settings.1497664210.resource": "",
                            "all_settings.1497664210.value": "true",
                            "all_settings.1499800684.name": "RootVolumeType",
                            "all_settings.1499800684.namespace": "aws:autoscaling:launchconfiguration",
                            "all_settings.1499800684.resource": "",
                            "all_settings.1499800684.value": "gp2",
                            "all_settings.1539976252.name": "ListenerEnabled",
                            "all_settings.1539976252.namespace": "aws:elb:listener:80",
                            "all_settings.1539976252.resource": "",
                            "all_settings.1539976252.value": "true",
                            "all_settings.1584820072.name": "Custom Availability Zones",
                            "all_settings.1584820072.namespace": "aws:autoscaling:asg",
                            "all_settings.1584820072.resource": "",
                            "all_settings.1584820072.value": "",
                            "all_settings.1610162273.name": "BatchSizeType",
                            "all_settings.1610162273.namespace": "aws:elasticbeanstalk:command",
                            "all_settings.1610162273.resource": "",
                            "all_settings.1610162273.value": "Fixed",
                            "all_settings.1615968029.name": "ServiceRole",
                            "all_settings.1615968029.namespace": "aws:elasticbeanstalk:environment",
                            "all_settings.1615968029.resource": "",
                            "all_settings.1615968029.value": "poswallet-default-poswallet-service",
                            "all_settings.1683651254.name": "Application Healthcheck URL",
                            "all_settings.1683651254.namespace": "aws:elasticbeanstalk:application",
                            "all_settings.1683651254.resource": "",
                            "all_settings.1683651254.value": "/healthcheck",
                            "all_settings.1709622552.name": "LoadBalancerSSLPortProtocol",
                            "all_settings.1709622552.namespace": "aws:elb:loadbalancer",
                            "all_settings.1709622552.resource": "",
                            "all_settings.1709622552.value": "HTTPS",
                            "all_settings.1824390401.name": "Notification Topic ARN",
                            "all_settings.1824390401.namespace": "aws:elasticbeanstalk:sns:topics",
                            "all_settings.1824390401.resource": "",
                            "all_settings.1824390401.value": "",
                            "all_settings.1835511052.name": "SSLCertificateId",
                            "all_settings.1835511052.namespace": "aws:elb:listener:80",
                            "all_settings.1835511052.resource": "",
                            "all_settings.1835511052.value": "",
                            "all_settings.1853127076.name": "Notification Endpoint",
                            "all_settings.1853127076.namespace": "aws:elasticbeanstalk:sns:topics",
                            "all_settings.1853127076.resource": "",
                            "all_settings.1853127076.value": "",
                            "all_settings.1907228178.name": "ListenerEnabled",
                            "all_settings.1907228178.namespace": "aws:elb:listener:22",
                            "all_settings.1907228178.resource": "",
                            "all_settings.1907228178.value": "false",
                            "all_settings.1932615024.name": "UnhealthyThreshold",
                            "all_settings.1932615024.namespace": "aws:elb:healthcheck",
                            "all_settings.1932615024.resource": "",
                            "all_settings.1932615024.value": "5",
                            "all_settings.2069749971.name": "ProxyServer",
                            "all_settings.2069749971.namespace": "aws:elasticbeanstalk:environment:proxy",
                            "all_settings.2069749971.resource": "",
                            "all_settings.2069749971.value": "nginx",
                            "all_settings.2145095834.name": "InstanceProtocol",
                            "all_settings.2145095834.namespace": "aws:elb:listener:80",
                            "all_settings.2145095834.resource": "",
                            "all_settings.2145095834.value": "HTTP",
                            "all_settings.2175068570.name": "BatchSize",
                            "all_settings.2175068570.namespace": "aws:elasticbeanstalk:command",
                            "all_settings.2175068570.resource": "",
                            "all_settings.2175068570.value": "1",
                            "all_settings.2207438838.name": "MinInstancesInService",
                            "all_settings.2207438838.namespace": "aws:autoscaling:updatepolicy:rollingupdate",
                            "all_settings.2207438838.resource": "",
                            "all_settings.2207438838.value": "1",
                            "all_settings.2207777926.name": "StreamLogs",
                            "all_settings.2207777926.namespace": "aws:elasticbeanstalk:cloudwatch:logs",
                            "all_settings.2207777926.resource": "",
                            "all_settings.2207777926.value": "false",
                            "all_settings.2210680385.name": "LaunchType",
                            "all_settings.2210680385.namespace": "aws:elasticbeanstalk:control",
                            "all_settings.2210680385.resource": "",
                            "all_settings.2210680385.value": "Migration",
                            "all_settings.2238273009.name": "AppSource",
                            "all_settings.2238273009.namespace": "aws:cloudformation:template:parameter",
                            "all_settings.2238273009.resource": "",
                            "all_settings.2238273009.value": "https://s3.amazonaws.com/elasticbeanstalk-samples-us-east-1/docker-sample-v3.zip",
                            "all_settings.2276893638.name": "RollingUpdateType",
                            "all_settings.2276893638.namespace": "aws:autoscaling:updatepolicy:rollingupdate",
                            "all_settings.2276893638.resource": "",
                            "all_settings.2276893638.value": "Health",
                            "all_settings.228594711.name": "InstancePort",
                            "all_settings.228594711.namespace": "aws:elb:listener:443",
                            "all_settings.228594711.resource": "",
                            "all_settings.228594711.value": "80",
                            "all_settings.2342298162.name": "BASE_HOST",
                            "all_settings.2342298162.namespace": "aws:elasticbeanstalk:application:environment",
                            "all_settings.2342298162.resource": "",
                            "all_settings.2342298162.value": "poswallet",
                            "all_settings.2380157799.name": "Subnets",
                            "all_settings.2380157799.namespace": "aws:ec2:vpc",
                            "all_settings.2380157799.resource": "",
                            "all_settings.2380157799.value": "subnet-08bc4042,subnet-4a5e7465,subnet-a4240cf9",
                            "all_settings.2396587397.name": "MinSize",
                            "all_settings.2396587397.namespace": "aws:autoscaling:asg",
                            "all_settings.2396587397.resource": "",
                            "all_settings.2396587397.value": "1",
                            "all_settings.2397211163.name": "LowerThreshold",
                            "all_settings.2397211163.namespace": "aws:autoscaling:trigger",
                            "all_settings.2397211163.resource": "",
                            "all_settings.2397211163.value": "20",
                            "all_settings.2402433859.name": "Period",
                            "all_settings.2402433859.namespace": "aws:autoscaling:trigger",
                            "all_settings.2402433859.resource": "",
                            "all_settings.2402433859.value": "5",
                            "all_settings.240742627.name": "UpperBreachScaleIncrement",
                            "all_settings.240742627.namespace": "aws:autoscaling:trigger",
                            "all_settings.240742627.resource": "",
                            "all_settings.240742627.value": "1",
                            "all_settings.2420299722.name": "SystemType",
                            "all_settings.2420299722.namespace": "aws:elasticbeanstalk:healthreporting:system",
                            "all_settings.2420299722.resource": "",
                            "all_settings.2420299722.value": "enhanced",
                            "all_settings.2483483976.name": "EC2KeyName",
                            "all_settings.2483483976.namespace": "aws:autoscaling:launchconfiguration",
                            "all_settings.2483483976.resource": "",
                            "all_settings.2483483976.value": "POSWebwallet-DEV",
                            "all_settings.2492456712.name": "LogPublicationControl",
                            "all_settings.2492456712.namespace": "aws:elasticbeanstalk:hostmanager",
                            "all_settings.2492456712.resource": "",
                            "all_settings.2492456712.value": "false",
                            "all_settings.2542474489.name": "LoadBalancerType",
                            "all_settings.2542474489.namespace": "aws:elasticbeanstalk:environment",
                            "all_settings.2542474489.resource": "",
                            "all_settings.2542474489.value": "classic",
                            "all_settings.2558821935.name": "PauseTime",
                            "all_settings.2558821935.namespace": "aws:autoscaling:updatepolicy:rollingupdate",
                            "all_settings.2558821935.resource": "",
                            "all_settings.2558821935.value": "",
                            "all_settings.2558992023.name": "ManagedActionsEnabled",
                            "all_settings.2558992023.namespace": "aws:elasticbeanstalk:managedactions",
                            "all_settings.2558992023.resource": "",
                            "all_settings.2558992023.value": "true",
                            "all_settings.2559266380.name": "PG_HOST",
                            "all_settings.2559266380.namespace": "aws:elasticbeanstalk:application:environment",
                            "all_settings.2559266380.resource": "",
                            "all_settings.2559266380.value": "master.poswallet.poswallet.io",
                            "all_settings.2568246881.name": "SecurityGroups",
                            "all_settings.2568246881.namespace": "aws:autoscaling:launchconfiguration",
                            "all_settings.2568246881.resource": "",
                            "all_settings.2568246881.value": "sg-19168e6f",
                            "all_settings.2578083670.name": "InstancePort",
                            "all_settings.2578083670.namespace": "aws:cloudformation:template:parameter",
                            "all_settings.2578083670.resource": "",
                            "all_settings.2578083670.value": "80",
                            "all_settings.2695109639.name": "CONFIG_SOURCE",
                            "all_settings.2695109639.namespace": "aws:elasticbeanstalk:application:environment",
                            "all_settings.2695109639.resource": "",
                            "all_settings.2695109639.value": "",
                            "all_settings.2740395520.name": "Unit",
                            "all_settings.2740395520.namespace": "aws:autoscaling:trigger",
                            "all_settings.2740395520.resource": "",
                            "all_settings.2740395520.value": "Percent",
                            "all_settings.2827474164.name": "ConnectionSettingIdleTimeout",
                            "all_settings.2827474164.namespace": "aws:elb:policies",
                            "all_settings.2827474164.resource": "",
                            "all_settings.2827474164.value": "60",
                            "all_settings.285213017.name": "PolicyNames",
                            "all_settings.285213017.namespace": "aws:elb:listener:80",
                            "all_settings.285213017.resource": "",
                            "all_settings.285213017.value": "",
                            "all_settings.2874320410.name": "IamInstanceProfile",
                            "all_settings.2874320410.namespace": "aws:autoscaling:launchconfiguration",
                            "all_settings.2874320410.resource": "",
                            "all_settings.2874320410.value": "poswallet-default-poswallet-ec2",
                            "all_settings.2912896423.name": "LoadBalancerHTTPPort",
                            "all_settings.2912896423.namespace": "aws:elb:loadbalancer",
                            "all_settings.2912896423.resource": "",
                            "all_settings.2912896423.value": "OFF",
                            "all_settings.2929485696.name": "EnvironmentType",
                            "all_settings.2929485696.namespace": "aws:elasticbeanstalk:environment",
                            "all_settings.2929485696.resource": "",
                            "all_settings.2929485696.value": "LoadBalanced",
                            "all_settings.2983186660.name": "UpdateLevel",
                            "all_settings.2983186660.namespace": "aws:elasticbeanstalk:managedactions:platformupdate",
                            "all_settings.2983186660.resource": "",
                            "all_settings.2983186660.value": "minor",
                            "all_settings.3007260544.name": "AssociatePublicIpAddress",
                            "all_settings.3007260544.namespace": "aws:ec2:vpc",
                            "all_settings.3007260544.resource": "",
                            "all_settings.3007260544.value": "true",
                            "all_settings.3011625159.name": "ImageId",
                            "all_settings.3011625159.namespace": "aws:autoscaling:launchconfiguration",
                            "all_settings.3011625159.resource": "",
                            "all_settings.3011625159.value": "ami-48d1fc32",
                            "all_settings.304444642.name": "ConnectionDrainingTimeout",
                            "all_settings.304444642.namespace": "aws:elb:policies",
                            "all_settings.304444642.resource": "",
                            "all_settings.304444642.value": "20",
                            "all_settings.3163218702.name": "Interval",
                            "all_settings.3163218702.namespace": "aws:elb:healthcheck",
                            "all_settings.3163218702.resource": "",
                            "all_settings.3163218702.value": "10",
                            "all_settings.3225151102.name": "MaxSize",
                            "all_settings.3225151102.namespace": "aws:autoscaling:asg",
                            "all_settings.3225151102.resource": "",
                            "all_settings.3225151102.value": "2",
                            "all_settings.3243179558.name": "ExternalExtensionsS3Key",
                            "all_settings.3243179558.namespace": "aws:elasticbeanstalk:environment",
                            "all_settings.3243179558.resource": "",
                            "all_settings.3243179558.value": "",
                            "all_settings.3263411188.name": "RootVolumeIOPS",
                            "all_settings.3263411188.namespace": "aws:autoscaling:launchconfiguration",
                            "all_settings.3263411188.resource": "",
                            "all_settings.3263411188.value": "",
                            "all_settings.3320286333.name": "InstanceRefreshEnabled",
                            "all_settings.3320286333.namespace": "aws:elasticbeanstalk:managedactions:platformupdate",
                            "all_settings.3320286333.resource": "",
                            "all_settings.3320286333.value": "true",
                            "all_settings.3341012745.name": "MeasureName",
                            "all_settings.3341012745.namespace": "aws:autoscaling:trigger",
                            "all_settings.3341012745.resource": "",
                            "all_settings.3341012745.value": "CPUUtilization",
                            "all_settings.3354438189.name": "Timeout",
                            "all_settings.3354438189.namespace": "aws:autoscaling:updatepolicy:rollingupdate",
                            "all_settings.3354438189.resource": "",
                            "all_settings.3354438189.value": "PT30M",
                            "all_settings.3384496340.name": "SESSION_SECRET",
                            "all_settings.3384496340.namespace": "aws:elasticbeanstalk:application:environment",
                            "all_settings.3384496340.resource": "",
                            "all_settings.3384496340.value": "d",
                            "all_settings.3396910454.name": "HealthCheckSuccessThreshold",
                            "all_settings.3396910454.namespace": "aws:elasticbeanstalk:healthreporting:system",
                            "all_settings.3396910454.resource": "",
                            "all_settings.3396910454.value": "Ok",
                            "all_settings.3402994671.name": "Statistic",
                            "all_settings.3402994671.namespace": "aws:autoscaling:trigger",
                            "all_settings.3402994671.resource": "",
                            "all_settings.3402994671.value": "Average",
                            "all_settings.3416999060.name": "PG_DB",
                            "all_settings.3416999060.namespace": "aws:elasticbeanstalk:application:environment",
                            "all_settings.3416999060.resource": "",
                            "all_settings.3416999060.value": "poswallet",
                            "all_settings.3438018982.name": "MonitoringInterval",
                            "all_settings.3438018982.namespace": "aws:autoscaling:launchconfiguration",
                            "all_settings.3438018982.resource": "",
                            "all_settings.3438018982.value": "5 minute",
                            "all_settings.3441541059.name": "VPCId",
                            "all_settings.3441541059.namespace": "aws:ec2:vpc",
                            "all_settings.3441541059.resource": "",
                            "all_settings.3441541059.value": "vpc-a9b008d2",
                            "all_settings.3450082806.name": "DeleteOnTerminate",
                            "all_settings.3450082806.namespace": "aws:elasticbeanstalk:cloudwatch:logs",
                            "all_settings.3450082806.resource": "",
                            "all_settings.3450082806.value": "false",
                            "all_settings.3553402416.name": "DeploymentPolicy",
                            "all_settings.3553402416.namespace": "aws:elasticbeanstalk:command",
                            "all_settings.3553402416.resource": "",
                            "all_settings.3553402416.value": "Rolling",
                            "all_settings.3569933765.name": "HooksPkgUrl",
                            "all_settings.3569933765.namespace": "aws:cloudformation:template:parameter",
                            "all_settings.3569933765.resource": "",
                            "all_settings.3569933765.value": "https://s3.dualstack.us-east-1.amazonaws.com/elasticbeanstalk-env-resources-us-east-1/stalks/eb_docker_4.2.1.223.0/lib/hooks.tar.gz",
                            "all_settings.3584475532.name": "Notification Topic Name",
                            "all_settings.3584475532.namespace": "aws:elasticbeanstalk:sns:topics",
                            "all_settings.3584475532.resource": "",
                            "all_settings.3584475532.value": "",
                            "all_settings.3615826456.name": "ExternalExtensionsS3Bucket",
                            "all_settings.3615826456.namespace": "aws:elasticbeanstalk:environment",
                            "all_settings.3615826456.resource": "",
                            "all_settings.3615826456.value": "",
                            "all_settings.3630870149.name": "PG_PASS",
                            "all_settings.3630870149.namespace": "aws:elasticbeanstalk:application:environment",
                            "all_settings.3630870149.resource": "",
                            "all_settings.3630870149.value": "poswebwallet",
                            "all_settings.3648591417.name": "Cooldown",
                            "all_settings.3648591417.namespace": "aws:autoscaling:asg",
                            "all_settings.3648591417.resource": "",
                            "all_settings.3648591417.value": "360",
                            "all_settings.3676636476.name": "ListenerProtocol",
                            "all_settings.3676636476.namespace": "aws:elb:listener:443",
                            "all_settings.3676636476.resource": "",
                            "all_settings.3676636476.value": "HTTPS",
                            "all_settings.3705073300.name": "Notification Protocol",
                            "all_settings.3705073300.namespace": "aws:elasticbeanstalk:sns:topics",
                            "all_settings.3705073300.resource": "",
                            "all_settings.3705073300.value": "email",
                            "all_settings.3708017666.name": "LowerBreachScaleIncrement",
                            "all_settings.3708017666.namespace": "aws:autoscaling:trigger",
                            "all_settings.3708017666.resource": "",
                            "all_settings.3708017666.value": "-1",
                            "all_settings.3865743768.name": "SSLCertificateId",
                            "all_settings.3865743768.namespace": "aws:elb:listener:443",
                            "all_settings.3865743768.resource": "",
                            "all_settings.3865743768.value": "",
                            "all_settings.3961867433.name": "SSLCertificateId",
                            "all_settings.3961867433.namespace": "aws:elb:loadbalancer",
                            "all_settings.3961867433.resource": "",
                            "all_settings.3961867433.value": "",
                            "all_settings.3981805791.name": "Automatically Terminate Unhealthy Instances",
                            "all_settings.3981805791.namespace": "aws:elasticbeanstalk:monitoring",
                            "all_settings.3981805791.resource": "",
                            "all_settings.3981805791.value": "true",
                            "all_settings.3999919625.name": "ListenerProtocol",
                            "all_settings.3999919625.namespace": "aws:elb:listener:22",
                            "all_settings.3999919625.resource": "",
                            "all_settings.3999919625.value": "TCP",
                            "all_settings.4020527343.name": "InstancePort",
                            "all_settings.4020527343.namespace": "aws:elb:listener:80",
                            "all_settings.4020527343.resource": "",
                            "all_settings.4020527343.value": "80",
                            "all_settings.4029612659.name": "ConfigDocument",
                            "all_settings.4029612659.namespace": "aws:elasticbeanstalk:healthreporting:system",
                            "all_settings.4029612659.resource": "",
                            "all_settings.4029612659.value": "{\"Version\":1,\"CloudWatchMetrics\":{}}",
                            "all_settings.4045810063.name": "UpperThreshold",
                            "all_settings.4045810063.namespace": "aws:autoscaling:trigger",
                            "all_settings.4045810063.resource": "",
                            "all_settings.4045810063.value": "80",
                            "all_settings.4058357795.name": "Availability Zones",
                            "all_settings.4058357795.namespace": "aws:autoscaling:asg",
                            "all_settings.4058357795.resource": "",
                            "all_settings.4058357795.value": "Any 3",
                            "all_settings.4065641051.name": "ConnectionDrainingEnabled",
                            "all_settings.4065641051.namespace": "aws:elb:policies",
                            "all_settings.4065641051.resource": "",
                            "all_settings.4065641051.value": "true",
                            "all_settings.4100247781.name": "BreachDuration",
                            "all_settings.4100247781.namespace": "aws:autoscaling:trigger",
                            "all_settings.4100247781.resource": "",
                            "all_settings.4100247781.value": "5",
                            "all_settings.4167503353.name": "LaunchTimeout",
                            "all_settings.4167503353.namespace": "aws:elasticbeanstalk:control",
                            "all_settings.4167503353.resource": "",
                            "all_settings.4167503353.value": "0",
                            "all_settings.4232919657.name": "SecurityGroups",
                            "all_settings.4232919657.namespace": "aws:elb:loadbalancer",
                            "all_settings.4232919657.resource": "",
                            "all_settings.4232919657.value": "",
                            "all_settings.4236087247.name": "RPC_URL",
                            "all_settings.4236087247.namespace": "aws:elasticbeanstalk:application:environment",
                            "all_settings.4236087247.resource": "",
                            "all_settings.4236087247.value": "b",
                            "all_settings.4267362780.name": "Timeout",
                            "all_settings.4267362780.namespace": "aws:elb:healthcheck",
                            "all_settings.4267362780.resource": "",
                            "all_settings.4267362780.value": "5",
                            "all_settings.433110370.name": "DefaultSSHPort",
                            "all_settings.433110370.namespace": "aws:elasticbeanstalk:control",
                            "all_settings.433110370.resource": "",
                            "all_settings.433110370.value": "22",
                            "all_settings.493815232.name": "MaxBatchSize",
                            "all_settings.493815232.namespace": "aws:autoscaling:updatepolicy:rollingupdate",
                            "all_settings.493815232.resource": "",
                            "all_settings.493815232.value": "1",
                            "all_settings.502734328.name": "SSHSourceRestriction",
                            "all_settings.502734328.namespace": "aws:autoscaling:launchconfiguration",
                            "all_settings.502734328.resource": "",
                            "all_settings.502734328.value": "tcp,22,22,0.0.0.0/0",
                            "all_settings.59521051.name": "HealthyThreshold",
                            "all_settings.59521051.namespace": "aws:elb:healthcheck",
                            "all_settings.59521051.resource": "",
                            "all_settings.59521051.value": "3",
                            "all_settings.639822511.name": "Target",
                            "all_settings.639822511.namespace": "aws:elb:healthcheck",
                            "all_settings.639822511.resource": "",
                            "all_settings.639822511.value": "HTTP:80/healthcheck",
                            "all_settings.731293825.name": "LoadBalancerHTTPSPort",
                            "all_settings.731293825.namespace": "aws:elb:loadbalancer",
                            "all_settings.731293825.resource": "",
                            "all_settings.731293825.value": "OFF",
                            "all_settings.805407726.name": "PreferredStartTime",
                            "all_settings.805407726.namespace": "aws:elasticbeanstalk:managedactions",
                            "all_settings.805407726.resource": "",
                            "all_settings.805407726.value": "Sun:10:00",
                            "all_settings.85517308.name": "ELBSubnets",
                            "all_settings.85517308.namespace": "aws:ec2:vpc",
                            "all_settings.85517308.resource": "",
                            "all_settings.85517308.value": "subnet-5abd4110,subnet-5f230b02,subnet-8c5c76a3",
                            "all_settings.861853309.name": "RPC_USER",
                            "all_settings.861853309.namespace": "aws:elasticbeanstalk:application:environment",
                            "all_settings.861853309.resource": "",
                            "all_settings.861853309.value": "c",
                            "all_settings.881749867.name": "Timeout",
                            "all_settings.881749867.namespace": "aws:elasticbeanstalk:command",
                            "all_settings.881749867.resource": "",
                            "all_settings.881749867.value": "600",
                            "all_settings.890792845.name": "EnvironmentVariables",
                            "all_settings.890792845.namespace": "aws:cloudformation:template:parameter",
                            "all_settings.890792845.resource": "",
                            "all_settings.890792845.value": "CONFIG_SOURCE=,PG_PORT=3306,PG_PASS=poswebwallet,BASE_HOST=poswallet,PG_HOST=master.poswallet.poswallet.io,SESSION_SECRET=d,RPC_PASSWORD=a,RPC_URL=b,PG_USER=devteam,PG_DB=poswallet,RPC_USER=c",
                            "all_settings.934067176.name": "RetentionInDays",
                            "all_settings.934067176.namespace": "aws:elasticbeanstalk:cloudwatch:logs",
                            "all_settings.934067176.resource": "",
                            "all_settings.934067176.value": "7",
                            "all_settings.940069638.name": "RollbackLaunchOnFailure",
                            "all_settings.940069638.namespace": "aws:elasticbeanstalk:control",
                            "all_settings.940069638.resource": "",
                            "all_settings.940069638.value": "false",
                            "all_settings.962485639.name": "PG_PORT",
                            "all_settings.962485639.namespace": "aws:elasticbeanstalk:application:environment",
                            "all_settings.962485639.resource": "",
                            "all_settings.962485639.value": "3306",
                            "all_settings.970291396.name": "RPC_PASSWORD",
                            "all_settings.970291396.namespace": "aws:elasticbeanstalk:application:environment",
                            "all_settings.970291396.resource": "",
                            "all_settings.970291396.value": "a",
                            "application": "poswallet",
                            "arn": "arn:aws:elasticbeanstalk:us-east-1:343026901112:environment/poswallet/poswallet-default-poswallet",
                            "autoscaling_groups.#": "1",
                            "autoscaling_groups.0": "awseb-e-rtmnyubxkg-stack-AWSEBAutoScalingGroup-Q7RA40X5YAAT",
                            "cname": "poswallet-default-poswallet.hpi7yftnrp.us-east-1.elasticbeanstalk.com",
                            "cname_prefix": "",
                            "description": "",
                            "id": "e-rtmnyubxkg",
                            "instances.#": "1",
                            "instances.0": "i-0b7449d1b680c07c1",
                            "launch_configurations.#": "1",
                            "launch_configurations.0": "awseb-e-rtmnyubxkg-stack-AWSEBAutoScalingLaunchConfiguration-NCH7IXFXDZRI",
                            "load_balancers.#": "1",
                            "load_balancers.0": "awseb-e-r-AWSEBLoa-1SP3RWBXLULBP",
                            "name": "poswallet-default-poswallet",
                            "queues.#": "0",
                            "setting.#": "60",
                            "setting.1039973377.name": "InstancePort",
                            "setting.1039973377.namespace": "aws:elb:listener:22",
                            "setting.1039973377.resource": "",
                            "setting.1039973377.value": "22",
                            "setting.1136119684.name": "RootVolumeSize",
                            "setting.1136119684.namespace": "aws:autoscaling:launchconfiguration",
                            "setting.1136119684.resource": "",
                            "setting.1136119684.value": "8",
                            "setting.1176630298.name": "PG_USER",
                            "setting.1176630298.namespace": "aws:elasticbeanstalk:application:environment",
                            "setting.1176630298.resource": "",
                            "setting.1176630298.value": "devteam",
                            "setting.1201312680.name": "ListenerEnabled",
                            "setting.1201312680.namespace": "aws:elb:listener:443",
                            "setting.1201312680.resource": "",
                            "setting.1201312680.value": "false",
                            "setting.1311926541.name": "RollingUpdateEnabled",
                            "setting.1311926541.namespace": "aws:autoscaling:updatepolicy:rollingupdate",
                            "setting.1311926541.resource": "",
                            "setting.1311926541.value": "true",
                            "setting.1319806035.name": "InstanceType",
                            "setting.1319806035.namespace": "aws:autoscaling:launchconfiguration",
                            "setting.1319806035.resource": "",
                            "setting.1319806035.value": "m3.large",
                            "setting.1497664210.name": "CrossZone",
                            "setting.1497664210.namespace": "aws:elb:loadbalancer",
                            "setting.1497664210.resource": "",
                            "setting.1497664210.value": "true",
                            "setting.1499800684.name": "RootVolumeType",
                            "setting.1499800684.namespace": "aws:autoscaling:launchconfiguration",
                            "setting.1499800684.resource": "",
                            "setting.1499800684.value": "gp2",
                            "setting.1610162273.name": "BatchSizeType",
                            "setting.1610162273.namespace": "aws:elasticbeanstalk:command",
                            "setting.1610162273.resource": "",
                            "setting.1610162273.value": "Fixed",
                            "setting.1615968029.name": "ServiceRole",
                            "setting.1615968029.namespace": "aws:elasticbeanstalk:environment",
                            "setting.1615968029.resource": "",
                            "setting.1615968029.value": "poswallet-default-poswallet-service",
                            "setting.1683651254.name": "Application Healthcheck URL",
                            "setting.1683651254.namespace": "aws:elasticbeanstalk:application",
                            "setting.1683651254.resource": "",
                            "setting.1683651254.value": "/healthcheck",
                            "setting.1824390401.name": "Notification Topic ARN",
                            "setting.1824390401.namespace": "aws:elasticbeanstalk:sns:topics",
                            "setting.1824390401.resource": "",
                            "setting.1824390401.value": "",
                            "setting.1853127076.name": "Notification Endpoint",
                            "setting.1853127076.namespace": "aws:elasticbeanstalk:sns:topics",
                            "setting.1853127076.resource": "",
                            "setting.1853127076.value": "",
                            "setting.1907228178.name": "ListenerEnabled",
                            "setting.1907228178.namespace": "aws:elb:listener:22",
                            "setting.1907228178.resource": "",
                            "setting.1907228178.value": "false",
                            "setting.2175068570.name": "BatchSize",
                            "setting.2175068570.namespace": "aws:elasticbeanstalk:command",
                            "setting.2175068570.resource": "",
                            "setting.2175068570.value": "1",
                            "setting.2207438838.name": "MinInstancesInService",
                            "setting.2207438838.namespace": "aws:autoscaling:updatepolicy:rollingupdate",
                            "setting.2207438838.resource": "",
                            "setting.2207438838.value": "1",
                            "setting.2276893638.name": "RollingUpdateType",
                            "setting.2276893638.namespace": "aws:autoscaling:updatepolicy:rollingupdate",
                            "setting.2276893638.resource": "",
                            "setting.2276893638.value": "Health",
                            "setting.228594711.name": "InstancePort",
                            "setting.228594711.namespace": "aws:elb:listener:443",
                            "setting.228594711.resource": "",
                            "setting.228594711.value": "80",
                            "setting.2342298162.name": "BASE_HOST",
                            "setting.2342298162.namespace": "aws:elasticbeanstalk:application:environment",
                            "setting.2342298162.resource": "",
                            "setting.2342298162.value": "poswallet",
                            "setting.2380157799.name": "Subnets",
                            "setting.2380157799.namespace": "aws:ec2:vpc",
                            "setting.2380157799.resource": "",
                            "setting.2380157799.value": "subnet-08bc4042,subnet-4a5e7465,subnet-a4240cf9",
                            "setting.2396587397.name": "MinSize",
                            "setting.2396587397.namespace": "aws:autoscaling:asg",
                            "setting.2396587397.resource": "",
                            "setting.2396587397.value": "1",
                            "setting.2397211163.name": "LowerThreshold",
                            "setting.2397211163.namespace": "aws:autoscaling:trigger",
                            "setting.2397211163.resource": "",
                            "setting.2397211163.value": "20",
                            "setting.2420299722.name": "SystemType",
                            "setting.2420299722.namespace": "aws:elasticbeanstalk:healthreporting:system",
                            "setting.2420299722.resource": "",
                            "setting.2420299722.value": "enhanced",
                            "setting.2483483976.name": "EC2KeyName",
                            "setting.2483483976.namespace": "aws:autoscaling:launchconfiguration",
                            "setting.2483483976.resource": "",
                            "setting.2483483976.value": "POSWebwallet-DEV",
                            "setting.2542474489.name": "LoadBalancerType",
                            "setting.2542474489.namespace": "aws:elasticbeanstalk:environment",
                            "setting.2542474489.resource": "",
                            "setting.2542474489.value": "classic",
                            "setting.2558992023.name": "ManagedActionsEnabled",
                            "setting.2558992023.namespace": "aws:elasticbeanstalk:managedactions",
                            "setting.2558992023.resource": "",
                            "setting.2558992023.value": "true",
                            "setting.2559266380.name": "PG_HOST",
                            "setting.2559266380.namespace": "aws:elasticbeanstalk:application:environment",
                            "setting.2559266380.resource": "",
                            "setting.2559266380.value": "master.poswallet.poswallet.io",
                            "setting.2568246881.name": "SecurityGroups",
                            "setting.2568246881.namespace": "aws:autoscaling:launchconfiguration",
                            "setting.2568246881.resource": "",
                            "setting.2568246881.value": "sg-19168e6f",
                            "setting.2695109639.name": "CONFIG_SOURCE",
                            "setting.2695109639.namespace": "aws:elasticbeanstalk:application:environment",
                            "setting.2695109639.resource": "",
                            "setting.2695109639.value": "",
                            "setting.2740395520.name": "Unit",
                            "setting.2740395520.namespace": "aws:autoscaling:trigger",
                            "setting.2740395520.resource": "",
                            "setting.2740395520.value": "Percent",
                            "setting.2827474164.name": "ConnectionSettingIdleTimeout",
                            "setting.2827474164.namespace": "aws:elb:policies",
                            "setting.2827474164.resource": "",
                            "setting.2827474164.value": "60",
                            "setting.2874320410.name": "IamInstanceProfile",
                            "setting.2874320410.namespace": "aws:autoscaling:launchconfiguration",
                            "setting.2874320410.resource": "",
                            "setting.2874320410.value": "poswallet-default-poswallet-ec2",
                            "setting.2983186660.name": "UpdateLevel",
                            "setting.2983186660.namespace": "aws:elasticbeanstalk:managedactions:platformupdate",
                            "setting.2983186660.resource": "",
                            "setting.2983186660.value": "minor",
                            "setting.3007260544.name": "AssociatePublicIpAddress",
                            "setting.3007260544.namespace": "aws:ec2:vpc",
                            "setting.3007260544.resource": "",
                            "setting.3007260544.value": "true",
                            "setting.3225151102.name": "MaxSize",
                            "setting.3225151102.namespace": "aws:autoscaling:asg",
                            "setting.3225151102.resource": "",
                            "setting.3225151102.value": "2",
                            "setting.3320286333.name": "InstanceRefreshEnabled",
                            "setting.3320286333.namespace": "aws:elasticbeanstalk:managedactions:platformupdate",
                            "setting.3320286333.resource": "",
                            "setting.3320286333.value": "true",
                            "setting.3341012745.name": "MeasureName",
                            "setting.3341012745.namespace": "aws:autoscaling:trigger",
                            "setting.3341012745.resource": "",
                            "setting.3341012745.value": "CPUUtilization",
                            "setting.3384496340.name": "SESSION_SECRET",
                            "setting.3384496340.namespace": "aws:elasticbeanstalk:application:environment",
                            "setting.3384496340.resource": "",
                            "setting.3384496340.value": "d",
                            "setting.3402994671.name": "Statistic",
                            "setting.3402994671.namespace": "aws:autoscaling:trigger",
                            "setting.3402994671.resource": "",
                            "setting.3402994671.value": "Average",
                            "setting.3416999060.name": "PG_DB",
                            "setting.3416999060.namespace": "aws:elasticbeanstalk:application:environment",
                            "setting.3416999060.resource": "",
                            "setting.3416999060.value": "poswallet",
                            "setting.3441541059.name": "VPCId",
                            "setting.3441541059.namespace": "aws:ec2:vpc",
                            "setting.3441541059.resource": "",
                            "setting.3441541059.value": "vpc-a9b008d2",
                            "setting.3553402416.name": "DeploymentPolicy",
                            "setting.3553402416.namespace": "aws:elasticbeanstalk:command",
                            "setting.3553402416.resource": "",
                            "setting.3553402416.value": "Rolling",
                            "setting.3584475532.name": "Notification Topic Name",
                            "setting.3584475532.namespace": "aws:elasticbeanstalk:sns:topics",
                            "setting.3584475532.resource": "",
                            "setting.3584475532.value": "",
                            "setting.3630870149.name": "PG_PASS",
                            "setting.3630870149.namespace": "aws:elasticbeanstalk:application:environment",
                            "setting.3630870149.resource": "",
                            "setting.3630870149.value": "poswebwallet",
                            "setting.3676636476.name": "ListenerProtocol",
                            "setting.3676636476.namespace": "aws:elb:listener:443",
                            "setting.3676636476.resource": "",
                            "setting.3676636476.value": "HTTPS",
                            "setting.3705073300.name": "Notification Protocol",
                            "setting.3705073300.namespace": "aws:elasticbeanstalk:sns:topics",
                            "setting.3705073300.resource": "",
                            "setting.3705073300.value": "email",
                            "setting.3865743768.name": "SSLCertificateId",
                            "setting.3865743768.namespace": "aws:elb:listener:443",
                            "setting.3865743768.resource": "",
                            "setting.3865743768.value": "",
                            "setting.3999919625.name": "ListenerProtocol",
                            "setting.3999919625.namespace": "aws:elb:listener:22",
                            "setting.3999919625.resource": "",
                            "setting.3999919625.value": "TCP",
                            "setting.4029612659.name": "ConfigDocument",
                            "setting.4029612659.namespace": "aws:elasticbeanstalk:healthreporting:system",
                            "setting.4029612659.resource": "",
                            "setting.4029612659.value": "{\"Version\":1,\"CloudWatchMetrics\":{}}",
                            "setting.4045810063.name": "UpperThreshold",
                            "setting.4045810063.namespace": "aws:autoscaling:trigger",
                            "setting.4045810063.resource": "",
                            "setting.4045810063.value": "80",
                            "setting.4058357795.name": "Availability Zones",
                            "setting.4058357795.namespace": "aws:autoscaling:asg",
                            "setting.4058357795.resource": "",
                            "setting.4058357795.value": "Any 3",
                            "setting.4065641051.name": "ConnectionDrainingEnabled",
                            "setting.4065641051.namespace": "aws:elb:policies",
                            "setting.4065641051.resource": "",
                            "setting.4065641051.value": "true",
                            "setting.4236087247.name": "RPC_URL",
                            "setting.4236087247.namespace": "aws:elasticbeanstalk:application:environment",
                            "setting.4236087247.resource": "",
                            "setting.4236087247.value": "b",
                            "setting.493815232.name": "MaxBatchSize",
                            "setting.493815232.namespace": "aws:autoscaling:updatepolicy:rollingupdate",
                            "setting.493815232.resource": "",
                            "setting.493815232.value": "1",
                            "setting.502734328.name": "SSHSourceRestriction",
                            "setting.502734328.namespace": "aws:autoscaling:launchconfiguration",
                            "setting.502734328.resource": "",
                            "setting.502734328.value": "tcp,22,22,0.0.0.0/0",
                            "setting.805407726.name": "PreferredStartTime",
                            "setting.805407726.namespace": "aws:elasticbeanstalk:managedactions",
                            "setting.805407726.resource": "",
                            "setting.805407726.value": "Sun:10:00",
                            "setting.85517308.name": "ELBSubnets",
                            "setting.85517308.namespace": "aws:ec2:vpc",
                            "setting.85517308.resource": "",
                            "setting.85517308.value": "subnet-5abd4110,subnet-5f230b02,subnet-8c5c76a3",
                            "setting.861853309.name": "RPC_USER",
                            "setting.861853309.namespace": "aws:elasticbeanstalk:application:environment",
                            "setting.861853309.resource": "",
                            "setting.861853309.value": "c",
                            "setting.962485639.name": "PG_PORT",
                            "setting.962485639.namespace": "aws:elasticbeanstalk:application:environment",
                            "setting.962485639.resource": "",
                            "setting.962485639.value": "3306",
                            "setting.970291396.name": "RPC_PASSWORD",
                            "setting.970291396.namespace": "aws:elasticbeanstalk:application:environment",
                            "setting.970291396.resource": "",
                            "setting.970291396.value": "a",
                            "solution_stack_name": "64bit Amazon Linux 2017.09 v2.8.4 running Docker 17.09.1-ce",
                            "tags.%": "0",
                            "tier": "WebServer",
                            "triggers.#": "0",
                            "version_label": "",
                            "wait_for_ready_timeout": "20m"
                        },
                        "meta": {
                            "schema_version": "1"
                        },
                        "tainted": false
                    },
                    "deposed": [],
                    "provider": "provider.aws"
                },
                "aws_elastic_beanstalk_environment.keycloak": {
                    "type": "aws_elastic_beanstalk_environment",
                    "depends_on": [
                        "aws_elastic_beanstalk_application.keycloak",
                        "aws_iam_instance_profile.ec2",
                        "aws_iam_role.service",
                        "aws_s3_bucket.elb_logs",
                        "module.dynamic_subnets",
                        "module.keycloak_label",
                        "module.rds_cluster_aurora",
                        "module.vpc"
                    ],
                    "primary": {
                        "id": "e-8vghkpgfgn",
                        "attributes": {
                            "all_settings.#": "112",
                            "all_settings.1036703857.name": "EvaluationPeriods",
                            "all_settings.1036703857.namespace": "aws:autoscaling:trigger",
                            "all_settings.1036703857.resource": "",
                            "all_settings.1036703857.value": "1",
                            "all_settings.1039973377.name": "InstancePort",
                            "all_settings.1039973377.namespace": "aws:elb:listener:22",
                            "all_settings.1039973377.resource": "",
                            "all_settings.1039973377.value": "22",
                            "all_settings.1093784765.name": "ListenerProtocol",
                            "all_settings.1093784765.namespace": "aws:elb:listener:80",
                            "all_settings.1093784765.resource": "",
                            "all_settings.1093784765.value": "HTTP",
                            "all_settings.1105127146.name": "LoadBalancerPortProtocol",
                            "all_settings.1105127146.namespace": "aws:elb:loadbalancer",
                            "all_settings.1105127146.resource": "",
                            "all_settings.1105127146.value": "HTTP",
                            "all_settings.1136119684.name": "RootVolumeSize",
                            "all_settings.1136119684.namespace": "aws:autoscaling:launchconfiguration",
                            "all_settings.1136119684.resource": "",
                            "all_settings.1136119684.value": "8",
                            "all_settings.1194166391.name": "BlockDeviceMappings",
                            "all_settings.1194166391.namespace": "aws:autoscaling:launchconfiguration",
                            "all_settings.1194166391.resource": "",
                            "all_settings.1194166391.value": "/dev/xvdcz=:12:true:gp2",
                            "all_settings.1201312680.name": "ListenerEnabled",
                            "all_settings.1201312680.namespace": "aws:elb:listener:443",
                            "all_settings.1201312680.resource": "",
                            "all_settings.1201312680.value": "false",
                            "all_settings.1244938111.name": "POSTGRES_PASSWORD",
                            "all_settings.1244938111.namespace": "aws:elasticbeanstalk:application:environment",
                            "all_settings.1244938111.resource": "",
                            "all_settings.1244938111.value": "poswebwallet",
                            "all_settings.1311926541.name": "RollingUpdateEnabled",
                            "all_settings.1311926541.namespace": "aws:autoscaling:updatepolicy:rollingupdate",
                            "all_settings.1311926541.resource": "",
                            "all_settings.1311926541.value": "true",
                            "all_settings.1384328253.name": "ELBScheme",
                            "all_settings.1384328253.namespace": "aws:ec2:vpc",
                            "all_settings.1384328253.resource": "",
                            "all_settings.1384328253.value": "public",
                            "all_settings.1487137936.name": "IgnoreHealthCheck",
                            "all_settings.1487137936.namespace": "aws:elasticbeanstalk:command",
                            "all_settings.1487137936.resource": "",
                            "all_settings.1487137936.value": "false",
                            "all_settings.1496496068.name": "MaxSize",
                            "all_settings.1496496068.namespace": "aws:autoscaling:asg",
                            "all_settings.1496496068.resource": "",
                            "all_settings.1496496068.value": "1",
                            "all_settings.1497664210.name": "CrossZone",
                            "all_settings.1497664210.namespace": "aws:elb:loadbalancer",
                            "all_settings.1497664210.resource": "",
                            "all_settings.1497664210.value": "true",
                            "all_settings.1499800684.name": "RootVolumeType",
                            "all_settings.1499800684.namespace": "aws:autoscaling:launchconfiguration",
                            "all_settings.1499800684.resource": "",
                            "all_settings.1499800684.value": "gp2",
                            "all_settings.1539976252.name": "ListenerEnabled",
                            "all_settings.1539976252.namespace": "aws:elb:listener:80",
                            "all_settings.1539976252.resource": "",
                            "all_settings.1539976252.value": "true",
                            "all_settings.1584820072.name": "Custom Availability Zones",
                            "all_settings.1584820072.namespace": "aws:autoscaling:asg",
                            "all_settings.1584820072.resource": "",
                            "all_settings.1584820072.value": "",
                            "all_settings.1610162273.name": "BatchSizeType",
                            "all_settings.1610162273.namespace": "aws:elasticbeanstalk:command",
                            "all_settings.1610162273.resource": "",
                            "all_settings.1610162273.value": "Fixed",
                            "all_settings.1615968029.name": "ServiceRole",
                            "all_settings.1615968029.namespace": "aws:elasticbeanstalk:environment",
                            "all_settings.1615968029.resource": "",
                            "all_settings.1615968029.value": "poswallet-default-poswallet-service",
                            "all_settings.1683651254.name": "Application Healthcheck URL",
                            "all_settings.1683651254.namespace": "aws:elasticbeanstalk:application",
                            "all_settings.1683651254.resource": "",
                            "all_settings.1683651254.value": "/healthcheck",
                            "all_settings.1709622552.name": "LoadBalancerSSLPortProtocol",
                            "all_settings.1709622552.namespace": "aws:elb:loadbalancer",
                            "all_settings.1709622552.resource": "",
                            "all_settings.1709622552.value": "HTTPS",
                            "all_settings.1824390401.name": "Notification Topic ARN",
                            "all_settings.1824390401.namespace": "aws:elasticbeanstalk:sns:topics",
                            "all_settings.1824390401.resource": "",
                            "all_settings.1824390401.value": "",
                            "all_settings.1835511052.name": "SSLCertificateId",
                            "all_settings.1835511052.namespace": "aws:elb:listener:80",
                            "all_settings.1835511052.resource": "",
                            "all_settings.1835511052.value": "",
                            "all_settings.1853127076.name": "Notification Endpoint",
                            "all_settings.1853127076.namespace": "aws:elasticbeanstalk:sns:topics",
                            "all_settings.1853127076.resource": "",
                            "all_settings.1853127076.value": "",
                            "all_settings.1879112918.name": "EnvironmentVariables",
                            "all_settings.1879112918.namespace": "aws:cloudformation:template:parameter",
                            "all_settings.1879112918.resource": "",
                            "all_settings.1879112918.value": "POSTGRES_USER=devteam,POSTGRES_ADDR=master.poswallet.poswallet.io,CONFIG_SOURCE=,BASE_HOST=poswallet,SESSION_SECRET=d,POSTGRES_PASSWORD=poswebwallet,RPC_PASSWORD=a,POSTGRES_DATABASE=poswallet,POSTGRES_PORT=5432,RPC_URL=b,RPC_USER=c",
                            "all_settings.1907228178.name": "ListenerEnabled",
                            "all_settings.1907228178.namespace": "aws:elb:listener:22",
                            "all_settings.1907228178.resource": "",
                            "all_settings.1907228178.value": "false",
                            "all_settings.1932615024.name": "UnhealthyThreshold",
                            "all_settings.1932615024.namespace": "aws:elb:healthcheck",
                            "all_settings.1932615024.resource": "",
                            "all_settings.1932615024.value": "5",
                            "all_settings.2043756028.name": "POSTGRES_ADDR",
                            "all_settings.2043756028.namespace": "aws:elasticbeanstalk:application:environment",
                            "all_settings.2043756028.resource": "",
                            "all_settings.2043756028.value": "master.poswallet.poswallet.io",
                            "all_settings.2069749971.name": "ProxyServer",
                            "all_settings.2069749971.namespace": "aws:elasticbeanstalk:environment:proxy",
                            "all_settings.2069749971.resource": "",
                            "all_settings.2069749971.value": "nginx",
                            "all_settings.2145095834.name": "InstanceProtocol",
                            "all_settings.2145095834.namespace": "aws:elb:listener:80",
                            "all_settings.2145095834.resource": "",
                            "all_settings.2145095834.value": "HTTP",
                            "all_settings.2175068570.name": "BatchSize",
                            "all_settings.2175068570.namespace": "aws:elasticbeanstalk:command",
                            "all_settings.2175068570.resource": "",
                            "all_settings.2175068570.value": "1",
                            "all_settings.2207777926.name": "StreamLogs",
                            "all_settings.2207777926.namespace": "aws:elasticbeanstalk:cloudwatch:logs",
                            "all_settings.2207777926.resource": "",
                            "all_settings.2207777926.value": "false",
                            "all_settings.2210680385.name": "LaunchType",
                            "all_settings.2210680385.namespace": "aws:elasticbeanstalk:control",
                            "all_settings.2210680385.resource": "",
                            "all_settings.2210680385.value": "Migration",
                            "all_settings.2238273009.name": "AppSource",
                            "all_settings.2238273009.namespace": "aws:cloudformation:template:parameter",
                            "all_settings.2238273009.resource": "",
                            "all_settings.2238273009.value": "https://s3.amazonaws.com/elasticbeanstalk-samples-us-east-1/docker-sample-v3.zip",
                            "all_settings.2276893638.name": "RollingUpdateType",
                            "all_settings.2276893638.namespace": "aws:autoscaling:updatepolicy:rollingupdate",
                            "all_settings.2276893638.resource": "",
                            "all_settings.2276893638.value": "Health",
                            "all_settings.228594711.name": "InstancePort",
                            "all_settings.228594711.namespace": "aws:elb:listener:443",
                            "all_settings.228594711.resource": "",
                            "all_settings.228594711.value": "80",
                            "all_settings.2332924637.name": "InstanceType",
                            "all_settings.2332924637.namespace": "aws:autoscaling:launchconfiguration",
                            "all_settings.2332924637.resource": "",
                            "all_settings.2332924637.value": "m4.large",
                            "all_settings.2342298162.name": "BASE_HOST",
                            "all_settings.2342298162.namespace": "aws:elasticbeanstalk:application:environment",
                            "all_settings.2342298162.resource": "",
                            "all_settings.2342298162.value": "poswallet",
                            "all_settings.2380157799.name": "Subnets",
                            "all_settings.2380157799.namespace": "aws:ec2:vpc",
                            "all_settings.2380157799.resource": "",
                            "all_settings.2380157799.value": "subnet-08bc4042,subnet-4a5e7465,subnet-a4240cf9",
                            "all_settings.2396587397.name": "MinSize",
                            "all_settings.2396587397.namespace": "aws:autoscaling:asg",
                            "all_settings.2396587397.resource": "",
                            "all_settings.2396587397.value": "1",
                            "all_settings.2397211163.name": "LowerThreshold",
                            "all_settings.2397211163.namespace": "aws:autoscaling:trigger",
                            "all_settings.2397211163.resource": "",
                            "all_settings.2397211163.value": "20",
                            "all_settings.2402433859.name": "Period",
                            "all_settings.2402433859.namespace": "aws:autoscaling:trigger",
                            "all_settings.2402433859.resource": "",
                            "all_settings.2402433859.value": "5",
                            "all_settings.240742627.name": "UpperBreachScaleIncrement",
                            "all_settings.240742627.namespace": "aws:autoscaling:trigger",
                            "all_settings.240742627.resource": "",
                            "all_settings.240742627.value": "1",
                            "all_settings.2420299722.name": "SystemType",
                            "all_settings.2420299722.namespace": "aws:elasticbeanstalk:healthreporting:system",
                            "all_settings.2420299722.resource": "",
                            "all_settings.2420299722.value": "enhanced",
                            "all_settings.2483483976.name": "EC2KeyName",
                            "all_settings.2483483976.namespace": "aws:autoscaling:launchconfiguration",
                            "all_settings.2483483976.resource": "",
                            "all_settings.2483483976.value": "POSWebwallet-DEV",
                            "all_settings.2492456712.name": "LogPublicationControl",
                            "all_settings.2492456712.namespace": "aws:elasticbeanstalk:hostmanager",
                            "all_settings.2492456712.resource": "",
                            "all_settings.2492456712.value": "false",
                            "all_settings.2542474489.name": "LoadBalancerType",
                            "all_settings.2542474489.namespace": "aws:elasticbeanstalk:environment",
                            "all_settings.2542474489.resource": "",
                            "all_settings.2542474489.value": "classic",
                            "all_settings.2558821935.name": "PauseTime",
                            "all_settings.2558821935.namespace": "aws:autoscaling:updatepolicy:rollingupdate",
                            "all_settings.2558821935.resource": "",
                            "all_settings.2558821935.value": "",
                            "all_settings.2558992023.name": "ManagedActionsEnabled",
                            "all_settings.2558992023.namespace": "aws:elasticbeanstalk:managedactions",
                            "all_settings.2558992023.resource": "",
                            "all_settings.2558992023.value": "true",
                            "all_settings.2568246881.name": "SecurityGroups",
                            "all_settings.2568246881.namespace": "aws:autoscaling:launchconfiguration",
                            "all_settings.2568246881.resource": "",
                            "all_settings.2568246881.value": "sg-19168e6f",
                            "all_settings.2578083670.name": "InstancePort",
                            "all_settings.2578083670.namespace": "aws:cloudformation:template:parameter",
                            "all_settings.2578083670.resource": "",
                            "all_settings.2578083670.value": "80",
                            "all_settings.2695109639.name": "CONFIG_SOURCE",
                            "all_settings.2695109639.namespace": "aws:elasticbeanstalk:application:environment",
                            "all_settings.2695109639.resource": "",
                            "all_settings.2695109639.value": "",
                            "all_settings.2740395520.name": "Unit",
                            "all_settings.2740395520.namespace": "aws:autoscaling:trigger",
                            "all_settings.2740395520.resource": "",
                            "all_settings.2740395520.value": "Percent",
                            "all_settings.2827474164.name": "ConnectionSettingIdleTimeout",
                            "all_settings.2827474164.namespace": "aws:elb:policies",
                            "all_settings.2827474164.resource": "",
                            "all_settings.2827474164.value": "60",
                            "all_settings.285213017.name": "PolicyNames",
                            "all_settings.285213017.namespace": "aws:elb:listener:80",
                            "all_settings.285213017.resource": "",
                            "all_settings.285213017.value": "",
                            "all_settings.2874320410.name": "IamInstanceProfile",
                            "all_settings.2874320410.namespace": "aws:autoscaling:launchconfiguration",
                            "all_settings.2874320410.resource": "",
                            "all_settings.2874320410.value": "poswallet-default-poswallet-ec2",
                            "all_settings.2912896423.name": "LoadBalancerHTTPPort",
                            "all_settings.2912896423.namespace": "aws:elb:loadbalancer",
                            "all_settings.2912896423.resource": "",
                            "all_settings.2912896423.value": "OFF",
                            "all_settings.2913805941.name": "POSTGRES_PORT",
                            "all_settings.2913805941.namespace": "aws:elasticbeanstalk:application:environment",
                            "all_settings.2913805941.resource": "",
                            "all_settings.2913805941.value": "5432",
                            "all_settings.2919872686.name": "POSTGRES_USER",
                            "all_settings.2919872686.namespace": "aws:elasticbeanstalk:application:environment",
                            "all_settings.2919872686.resource": "",
                            "all_settings.2919872686.value": "devteam",
                            "all_settings.2929485696.name": "EnvironmentType",
                            "all_settings.2929485696.namespace": "aws:elasticbeanstalk:environment",
                            "all_settings.2929485696.resource": "",
                            "all_settings.2929485696.value": "LoadBalanced",
                            "all_settings.2983186660.name": "UpdateLevel",
                            "all_settings.2983186660.namespace": "aws:elasticbeanstalk:managedactions:platformupdate",
                            "all_settings.2983186660.resource": "",
                            "all_settings.2983186660.value": "minor",
                            "all_settings.3007260544.name": "AssociatePublicIpAddress",
                            "all_settings.3007260544.namespace": "aws:ec2:vpc",
                            "all_settings.3007260544.resource": "",
                            "all_settings.3007260544.value": "true",
                            "all_settings.3011625159.name": "ImageId",
                            "all_settings.3011625159.namespace": "aws:autoscaling:launchconfiguration",
                            "all_settings.3011625159.resource": "",
                            "all_settings.3011625159.value": "ami-48d1fc32",
                            "all_settings.304444642.name": "ConnectionDrainingTimeout",
                            "all_settings.304444642.namespace": "aws:elb:policies",
                            "all_settings.304444642.resource": "",
                            "all_settings.304444642.value": "20",
                            "all_settings.3163218702.name": "Interval",
                            "all_settings.3163218702.namespace": "aws:elb:healthcheck",
                            "all_settings.3163218702.resource": "",
                            "all_settings.3163218702.value": "10",
                            "all_settings.3243179558.name": "ExternalExtensionsS3Key",
                            "all_settings.3243179558.namespace": "aws:elasticbeanstalk:environment",
                            "all_settings.3243179558.resource": "",
                            "all_settings.3243179558.value": "",
                            "all_settings.3263411188.name": "RootVolumeIOPS",
                            "all_settings.3263411188.namespace": "aws:autoscaling:launchconfiguration",
                            "all_settings.3263411188.resource": "",
                            "all_settings.3263411188.value": "",
                            "all_settings.3320286333.name": "InstanceRefreshEnabled",
                            "all_settings.3320286333.namespace": "aws:elasticbeanstalk:managedactions:platformupdate",
                            "all_settings.3320286333.resource": "",
                            "all_settings.3320286333.value": "true",
                            "all_settings.3341012745.name": "MeasureName",
                            "all_settings.3341012745.namespace": "aws:autoscaling:trigger",
                            "all_settings.3341012745.resource": "",
                            "all_settings.3341012745.value": "CPUUtilization",
                            "all_settings.3354438189.name": "Timeout",
                            "all_settings.3354438189.namespace": "aws:autoscaling:updatepolicy:rollingupdate",
                            "all_settings.3354438189.resource": "",
                            "all_settings.3354438189.value": "PT30M",
                            "all_settings.3384496340.name": "SESSION_SECRET",
                            "all_settings.3384496340.namespace": "aws:elasticbeanstalk:application:environment",
                            "all_settings.3384496340.resource": "",
                            "all_settings.3384496340.value": "d",
                            "all_settings.3402994671.name": "Statistic",
                            "all_settings.3402994671.namespace": "aws:autoscaling:trigger",
                            "all_settings.3402994671.resource": "",
                            "all_settings.3402994671.value": "Average",
                            "all_settings.3438018982.name": "MonitoringInterval",
                            "all_settings.3438018982.namespace": "aws:autoscaling:launchconfiguration",
                            "all_settings.3438018982.resource": "",
                            "all_settings.3438018982.value": "5 minute",
                            "all_settings.3441541059.name": "VPCId",
                            "all_settings.3441541059.namespace": "aws:ec2:vpc",
                            "all_settings.3441541059.resource": "",
                            "all_settings.3441541059.value": "vpc-a9b008d2",
                            "all_settings.3450082806.name": "DeleteOnTerminate",
                            "all_settings.3450082806.namespace": "aws:elasticbeanstalk:cloudwatch:logs",
                            "all_settings.3450082806.resource": "",
                            "all_settings.3450082806.value": "false",
                            "all_settings.3553402416.name": "DeploymentPolicy",
                            "all_settings.3553402416.namespace": "aws:elasticbeanstalk:command",
                            "all_settings.3553402416.resource": "",
                            "all_settings.3553402416.value": "Rolling",
                            "all_settings.3569933765.name": "HooksPkgUrl",
                            "all_settings.3569933765.namespace": "aws:cloudformation:template:parameter",
                            "all_settings.3569933765.resource": "",
                            "all_settings.3569933765.value": "https://s3.dualstack.us-east-1.amazonaws.com/elasticbeanstalk-env-resources-us-east-1/stalks/eb_docker_4.2.1.223.0/lib/hooks.tar.gz",
                            "all_settings.3581710822.name": "HealthCheckSuccessThreshold",
                            "all_settings.3581710822.namespace": "aws:elasticbeanstalk:healthreporting:system",
                            "all_settings.3581710822.resource": "",
                            "all_settings.3581710822.value": "Severe",
                            "all_settings.3584475532.name": "Notification Topic Name",
                            "all_settings.3584475532.namespace": "aws:elasticbeanstalk:sns:topics",
                            "all_settings.3584475532.resource": "",
                            "all_settings.3584475532.value": "",
                            "all_settings.3615826456.name": "ExternalExtensionsS3Bucket",
                            "all_settings.3615826456.namespace": "aws:elasticbeanstalk:environment",
                            "all_settings.3615826456.resource": "",
                            "all_settings.3615826456.value": "",
                            "all_settings.3648591417.name": "Cooldown",
                            "all_settings.3648591417.namespace": "aws:autoscaling:asg",
                            "all_settings.3648591417.resource": "",
                            "all_settings.3648591417.value": "360",
                            "all_settings.3676636476.name": "ListenerProtocol",
                            "all_settings.3676636476.namespace": "aws:elb:listener:443",
                            "all_settings.3676636476.resource": "",
                            "all_settings.3676636476.value": "HTTPS",
                            "all_settings.3705073300.name": "Notification Protocol",
                            "all_settings.3705073300.namespace": "aws:elasticbeanstalk:sns:topics",
                            "all_settings.3705073300.resource": "",
                            "all_settings.3705073300.value": "email",
                            "all_settings.3708017666.name": "LowerBreachScaleIncrement",
                            "all_settings.3708017666.namespace": "aws:autoscaling:trigger",
                            "all_settings.3708017666.resource": "",
                            "all_settings.3708017666.value": "-1",
                            "all_settings.3865743768.name": "SSLCertificateId",
                            "all_settings.3865743768.namespace": "aws:elb:listener:443",
                            "all_settings.3865743768.resource": "",
                            "all_settings.3865743768.value": "",
                            "all_settings.3961867433.name": "SSLCertificateId",
                            "all_settings.3961867433.namespace": "aws:elb:loadbalancer",
                            "all_settings.3961867433.resource": "",
                            "all_settings.3961867433.value": "",
                            "all_settings.3981805791.name": "Automatically Terminate Unhealthy Instances",
                            "all_settings.3981805791.namespace": "aws:elasticbeanstalk:monitoring",
                            "all_settings.3981805791.resource": "",
                            "all_settings.3981805791.value": "true",
                            "all_settings.3999919625.name": "ListenerProtocol",
                            "all_settings.3999919625.namespace": "aws:elb:listener:22",
                            "all_settings.3999919625.resource": "",
                            "all_settings.3999919625.value": "TCP",
                            "all_settings.4020527343.name": "InstancePort",
                            "all_settings.4020527343.namespace": "aws:elb:listener:80",
                            "all_settings.4020527343.resource": "",
                            "all_settings.4020527343.value": "80",
                            "all_settings.4029612659.name": "ConfigDocument",
                            "all_settings.4029612659.namespace": "aws:elasticbeanstalk:healthreporting:system",
                            "all_settings.4029612659.resource": "",
                            "all_settings.4029612659.value": "{\"Version\":1,\"CloudWatchMetrics\":{}}",
                            "all_settings.4045810063.name": "UpperThreshold",
                            "all_settings.4045810063.namespace": "aws:autoscaling:trigger",
                            "all_settings.4045810063.resource": "",
                            "all_settings.4045810063.value": "80",
                            "all_settings.4058357795.name": "Availability Zones",
                            "all_settings.4058357795.namespace": "aws:autoscaling:asg",
                            "all_settings.4058357795.resource": "",
                            "all_settings.4058357795.value": "Any 3",
                            "all_settings.4065641051.name": "ConnectionDrainingEnabled",
                            "all_settings.4065641051.namespace": "aws:elb:policies",
                            "all_settings.4065641051.resource": "",
                            "all_settings.4065641051.value": "true",
                            "all_settings.4100247781.name": "BreachDuration",
                            "all_settings.4100247781.namespace": "aws:autoscaling:trigger",
                            "all_settings.4100247781.resource": "",
                            "all_settings.4100247781.value": "5",
                            "all_settings.4103464800.name": "MinInstancesInService",
                            "all_settings.4103464800.namespace": "aws:autoscaling:updatepolicy:rollingupdate",
                            "all_settings.4103464800.resource": "",
                            "all_settings.4103464800.value": "0",
                            "all_settings.4167503353.name": "LaunchTimeout",
                            "all_settings.4167503353.namespace": "aws:elasticbeanstalk:control",
                            "all_settings.4167503353.resource": "",
                            "all_settings.4167503353.value": "0",
                            "all_settings.4232919657.name": "SecurityGroups",
                            "all_settings.4232919657.namespace": "aws:elb:loadbalancer",
                            "all_settings.4232919657.resource": "",
                            "all_settings.4232919657.value": "",
                            "all_settings.4236087247.name": "RPC_URL",
                            "all_settings.4236087247.namespace": "aws:elasticbeanstalk:application:environment",
                            "all_settings.4236087247.resource": "",
                            "all_settings.4236087247.value": "b",
                            "all_settings.4267362780.name": "Timeout",
                            "all_settings.4267362780.namespace": "aws:elb:healthcheck",
                            "all_settings.4267362780.resource": "",
                            "all_settings.4267362780.value": "5",
                            "all_settings.433110370.name": "DefaultSSHPort",
                            "all_settings.433110370.namespace": "aws:elasticbeanstalk:control",
                            "all_settings.433110370.resource": "",
                            "all_settings.433110370.value": "22",
                            "all_settings.493815232.name": "MaxBatchSize",
                            "all_settings.493815232.namespace": "aws:autoscaling:updatepolicy:rollingupdate",
                            "all_settings.493815232.resource": "",
                            "all_settings.493815232.value": "1",
                            "all_settings.502734328.name": "SSHSourceRestriction",
                            "all_settings.502734328.namespace": "aws:autoscaling:launchconfiguration",
                            "all_settings.502734328.resource": "",
                            "all_settings.502734328.value": "tcp,22,22,0.0.0.0/0",
                            "all_settings.59521051.name": "HealthyThreshold",
                            "all_settings.59521051.namespace": "aws:elb:healthcheck",
                            "all_settings.59521051.resource": "",
                            "all_settings.59521051.value": "3",
                            "all_settings.639822511.name": "Target",
                            "all_settings.639822511.namespace": "aws:elb:healthcheck",
                            "all_settings.639822511.resource": "",
                            "all_settings.639822511.value": "HTTP:80/healthcheck",
                            "all_settings.731293825.name": "LoadBalancerHTTPSPort",
                            "all_settings.731293825.namespace": "aws:elb:loadbalancer",
                            "all_settings.731293825.resource": "",
                            "all_settings.731293825.value": "OFF",
                            "all_settings.805407726.name": "PreferredStartTime",
                            "all_settings.805407726.namespace": "aws:elasticbeanstalk:managedactions",
                            "all_settings.805407726.resource": "",
                            "all_settings.805407726.value": "Sun:10:00",
                            "all_settings.85517308.name": "ELBSubnets",
                            "all_settings.85517308.namespace": "aws:ec2:vpc",
                            "all_settings.85517308.resource": "",
                            "all_settings.85517308.value": "subnet-5abd4110,subnet-5f230b02,subnet-8c5c76a3",
                            "all_settings.861853309.name": "RPC_USER",
                            "all_settings.861853309.namespace": "aws:elasticbeanstalk:application:environment",
                            "all_settings.861853309.resource": "",
                            "all_settings.861853309.value": "c",
                            "all_settings.874753280.name": "POSTGRES_DATABASE",
                            "all_settings.874753280.namespace": "aws:elasticbeanstalk:application:environment",
                            "all_settings.874753280.resource": "",
                            "all_settings.874753280.value": "poswallet",
                            "all_settings.881749867.name": "Timeout",
                            "all_settings.881749867.namespace": "aws:elasticbeanstalk:command",
                            "all_settings.881749867.resource": "",
                            "all_settings.881749867.value": "600",
                            "all_settings.934067176.name": "RetentionInDays",
                            "all_settings.934067176.namespace": "aws:elasticbeanstalk:cloudwatch:logs",
                            "all_settings.934067176.resource": "",
                            "all_settings.934067176.value": "7",
                            "all_settings.940069638.name": "RollbackLaunchOnFailure",
                            "all_settings.940069638.namespace": "aws:elasticbeanstalk:control",
                            "all_settings.940069638.resource": "",
                            "all_settings.940069638.value": "false",
                            "all_settings.970291396.name": "RPC_PASSWORD",
                            "all_settings.970291396.namespace": "aws:elasticbeanstalk:application:environment",
                            "all_settings.970291396.resource": "",
                            "all_settings.970291396.value": "a",
                            "application": "poswallet-keycloak",
                            "arn": "arn:aws:elasticbeanstalk:us-east-1:343026901112:environment/poswallet-keycloak/poswallet-poswallet-keycloak-poswallet",
                            "autoscaling_groups.#": "1",
                            "autoscaling_groups.0": "awseb-e-8vghkpgfgn-stack-AWSEBAutoScalingGroup-YT0CJ3RK38JG",
                            "cname": "poswallet-poswallet-keycloak-poswallet.83ttixjmtr.us-east-1.elasticbeanstalk.com",
                            "cname_prefix": "",
                            "description": "",
                            "id": "e-8vghkpgfgn",
                            "instances.#": "1",
                            "instances.0": "i-0d4a084fb5e41e487",
                            "launch_configurations.#": "1",
                            "launch_configurations.0": "awseb-e-8vghkpgfgn-stack-AWSEBAutoScalingLaunchConfiguration-V6JJEN7EQ4QS",
                            "load_balancers.#": "1",
                            "load_balancers.0": "awseb-e-8-AWSEBLoa-1E5FW0MQEOU3Y",
                            "name": "poswallet-poswallet-keycloak-poswallet",
                            "queues.#": "0",
                            "setting.#": "60",
                            "setting.1039973377.name": "InstancePort",
                            "setting.1039973377.namespace": "aws:elb:listener:22",
                            "setting.1039973377.resource": "",
                            "setting.1039973377.value": "22",
                            "setting.1136119684.name": "RootVolumeSize",
                            "setting.1136119684.namespace": "aws:autoscaling:launchconfiguration",
                            "setting.1136119684.resource": "",
                            "setting.1136119684.value": "8",
                            "setting.1201312680.name": "ListenerEnabled",
                            "setting.1201312680.namespace": "aws:elb:listener:443",
                            "setting.1201312680.resource": "",
                            "setting.1201312680.value": "false",
                            "setting.1244938111.name": "POSTGRES_PASSWORD",
                            "setting.1244938111.namespace": "aws:elasticbeanstalk:application:environment",
                            "setting.1244938111.resource": "",
                            "setting.1244938111.value": "poswebwallet",
                            "setting.1311926541.name": "RollingUpdateEnabled",
                            "setting.1311926541.namespace": "aws:autoscaling:updatepolicy:rollingupdate",
                            "setting.1311926541.resource": "",
                            "setting.1311926541.value": "true",
                            "setting.1496496068.name": "MaxSize",
                            "setting.1496496068.namespace": "aws:autoscaling:asg",
                            "setting.1496496068.resource": "",
                            "setting.1496496068.value": "1",
                            "setting.1497664210.name": "CrossZone",
                            "setting.1497664210.namespace": "aws:elb:loadbalancer",
                            "setting.1497664210.resource": "",
                            "setting.1497664210.value": "true",
                            "setting.1499800684.name": "RootVolumeType",
                            "setting.1499800684.namespace": "aws:autoscaling:launchconfiguration",
                            "setting.1499800684.resource": "",
                            "setting.1499800684.value": "gp2",
                            "setting.1610162273.name": "BatchSizeType",
                            "setting.1610162273.namespace": "aws:elasticbeanstalk:command",
                            "setting.1610162273.resource": "",
                            "setting.1610162273.value": "Fixed",
                            "setting.1615968029.name": "ServiceRole",
                            "setting.1615968029.namespace": "aws:elasticbeanstalk:environment",
                            "setting.1615968029.resource": "",
                            "setting.1615968029.value": "poswallet-default-poswallet-service",
                            "setting.1683651254.name": "Application Healthcheck URL",
                            "setting.1683651254.namespace": "aws:elasticbeanstalk:application",
                            "setting.1683651254.resource": "",
                            "setting.1683651254.value": "/healthcheck",
                            "setting.1824390401.name": "Notification Topic ARN",
                            "setting.1824390401.namespace": "aws:elasticbeanstalk:sns:topics",
                            "setting.1824390401.resource": "",
                            "setting.1824390401.value": "",
                            "setting.1853127076.name": "Notification Endpoint",
                            "setting.1853127076.namespace": "aws:elasticbeanstalk:sns:topics",
                            "setting.1853127076.resource": "",
                            "setting.1853127076.value": "",
                            "setting.1907228178.name": "ListenerEnabled",
                            "setting.1907228178.namespace": "aws:elb:listener:22",
                            "setting.1907228178.resource": "",
                            "setting.1907228178.value": "false",
                            "setting.2043756028.name": "POSTGRES_ADDR",
                            "setting.2043756028.namespace": "aws:elasticbeanstalk:application:environment",
                            "setting.2043756028.resource": "",
                            "setting.2043756028.value": "master.poswallet.poswallet.io",
                            "setting.2175068570.name": "BatchSize",
                            "setting.2175068570.namespace": "aws:elasticbeanstalk:command",
                            "setting.2175068570.resource": "",
                            "setting.2175068570.value": "1",
                            "setting.2276893638.name": "RollingUpdateType",
                            "setting.2276893638.namespace": "aws:autoscaling:updatepolicy:rollingupdate",
                            "setting.2276893638.resource": "",
                            "setting.2276893638.value": "Health",
                            "setting.228594711.name": "InstancePort",
                            "setting.228594711.namespace": "aws:elb:listener:443",
                            "setting.228594711.resource": "",
                            "setting.228594711.value": "80",
                            "setting.2332924637.name": "InstanceType",
                            "setting.2332924637.namespace": "aws:autoscaling:launchconfiguration",
                            "setting.2332924637.resource": "",
                            "setting.2332924637.value": "m4.large",
                            "setting.2342298162.name": "BASE_HOST",
                            "setting.2342298162.namespace": "aws:elasticbeanstalk:application:environment",
                            "setting.2342298162.resource": "",
                            "setting.2342298162.value": "poswallet",
                            "setting.2380157799.name": "Subnets",
                            "setting.2380157799.namespace": "aws:ec2:vpc",
                            "setting.2380157799.resource": "",
                            "setting.2380157799.value": "subnet-08bc4042,subnet-4a5e7465,subnet-a4240cf9",
                            "setting.2396587397.name": "MinSize",
                            "setting.2396587397.namespace": "aws:autoscaling:asg",
                            "setting.2396587397.resource": "",
                            "setting.2396587397.value": "1",
                            "setting.2397211163.name": "LowerThreshold",
                            "setting.2397211163.namespace": "aws:autoscaling:trigger",
                            "setting.2397211163.resource": "",
                            "setting.2397211163.value": "20",
                            "setting.2420299722.name": "SystemType",
                            "setting.2420299722.namespace": "aws:elasticbeanstalk:healthreporting:system",
                            "setting.2420299722.resource": "",
                            "setting.2420299722.value": "enhanced",
                            "setting.2483483976.name": "EC2KeyName",
                            "setting.2483483976.namespace": "aws:autoscaling:launchconfiguration",
                            "setting.2483483976.resource": "",
                            "setting.2483483976.value": "POSWebwallet-DEV",
                            "setting.2542474489.name": "LoadBalancerType",
                            "setting.2542474489.namespace": "aws:elasticbeanstalk:environment",
                            "setting.2542474489.resource": "",
                            "setting.2542474489.value": "classic",
                            "setting.2558992023.name": "ManagedActionsEnabled",
                            "setting.2558992023.namespace": "aws:elasticbeanstalk:managedactions",
                            "setting.2558992023.resource": "",
                            "setting.2558992023.value": "true",
                            "setting.2568246881.name": "SecurityGroups",
                            "setting.2568246881.namespace": "aws:autoscaling:launchconfiguration",
                            "setting.2568246881.resource": "",
                            "setting.2568246881.value": "sg-19168e6f",
                            "setting.2695109639.name": "CONFIG_SOURCE",
                            "setting.2695109639.namespace": "aws:elasticbeanstalk:application:environment",
                            "setting.2695109639.resource": "",
                            "setting.2695109639.value": "",
                            "setting.2740395520.name": "Unit",
                            "setting.2740395520.namespace": "aws:autoscaling:trigger",
                            "setting.2740395520.resource": "",
                            "setting.2740395520.value": "Percent",
                            "setting.2827474164.name": "ConnectionSettingIdleTimeout",
                            "setting.2827474164.namespace": "aws:elb:policies",
                            "setting.2827474164.resource": "",
                            "setting.2827474164.value": "60",
                            "setting.2874320410.name": "IamInstanceProfile",
                            "setting.2874320410.namespace": "aws:autoscaling:launchconfiguration",
                            "setting.2874320410.resource": "",
                            "setting.2874320410.value": "poswallet-default-poswallet-ec2",
                            "setting.2913805941.name": "POSTGRES_PORT",
                            "setting.2913805941.namespace": "aws:elasticbeanstalk:application:environment",
                            "setting.2913805941.resource": "",
                            "setting.2913805941.value": "5432",
                            "setting.2919872686.name": "POSTGRES_USER",
                            "setting.2919872686.namespace": "aws:elasticbeanstalk:application:environment",
                            "setting.2919872686.resource": "",
                            "setting.2919872686.value": "devteam",
                            "setting.2983186660.name": "UpdateLevel",
                            "setting.2983186660.namespace": "aws:elasticbeanstalk:managedactions:platformupdate",
                            "setting.2983186660.resource": "",
                            "setting.2983186660.value": "minor",
                            "setting.3007260544.name": "AssociatePublicIpAddress",
                            "setting.3007260544.namespace": "aws:ec2:vpc",
                            "setting.3007260544.resource": "",
                            "setting.3007260544.value": "true",
                            "setting.3320286333.name": "InstanceRefreshEnabled",
                            "setting.3320286333.namespace": "aws:elasticbeanstalk:managedactions:platformupdate",
                            "setting.3320286333.resource": "",
                            "setting.3320286333.value": "true",
                            "setting.3341012745.name": "MeasureName",
                            "setting.3341012745.namespace": "aws:autoscaling:trigger",
                            "setting.3341012745.resource": "",
                            "setting.3341012745.value": "CPUUtilization",
                            "setting.3384496340.name": "SESSION_SECRET",
                            "setting.3384496340.namespace": "aws:elasticbeanstalk:application:environment",
                            "setting.3384496340.resource": "",
                            "setting.3384496340.value": "d",
                            "setting.3402994671.name": "Statistic",
                            "setting.3402994671.namespace": "aws:autoscaling:trigger",
                            "setting.3402994671.resource": "",
                            "setting.3402994671.value": "Average",
                            "setting.3441541059.name": "VPCId",
                            "setting.3441541059.namespace": "aws:ec2:vpc",
                            "setting.3441541059.resource": "",
                            "setting.3441541059.value": "vpc-a9b008d2",
                            "setting.3553402416.name": "DeploymentPolicy",
                            "setting.3553402416.namespace": "aws:elasticbeanstalk:command",
                            "setting.3553402416.resource": "",
                            "setting.3553402416.value": "Rolling",
                            "setting.3584475532.name": "Notification Topic Name",
                            "setting.3584475532.namespace": "aws:elasticbeanstalk:sns:topics",
                            "setting.3584475532.resource": "",
                            "setting.3584475532.value": "",
                            "setting.3676636476.name": "ListenerProtocol",
                            "setting.3676636476.namespace": "aws:elb:listener:443",
                            "setting.3676636476.resource": "",
                            "setting.3676636476.value": "HTTPS",
                            "setting.3705073300.name": "Notification Protocol",
                            "setting.3705073300.namespace": "aws:elasticbeanstalk:sns:topics",
                            "setting.3705073300.resource": "",
                            "setting.3705073300.value": "email",
                            "setting.3865743768.name": "SSLCertificateId",
                            "setting.3865743768.namespace": "aws:elb:listener:443",
                            "setting.3865743768.resource": "",
                            "setting.3865743768.value": "",
                            "setting.3999919625.name": "ListenerProtocol",
                            "setting.3999919625.namespace": "aws:elb:listener:22",
                            "setting.3999919625.resource": "",
                            "setting.3999919625.value": "TCP",
                            "setting.4029612659.name": "ConfigDocument",
                            "setting.4029612659.namespace": "aws:elasticbeanstalk:healthreporting:system",
                            "setting.4029612659.resource": "",
                            "setting.4029612659.value": "{\"Version\":1,\"CloudWatchMetrics\":{}}",
                            "setting.4045810063.name": "UpperThreshold",
                            "setting.4045810063.namespace": "aws:autoscaling:trigger",
                            "setting.4045810063.resource": "",
                            "setting.4045810063.value": "80",
                            "setting.4058357795.name": "Availability Zones",
                            "setting.4058357795.namespace": "aws:autoscaling:asg",
                            "setting.4058357795.resource": "",
                            "setting.4058357795.value": "Any 3",
                            "setting.4065641051.name": "ConnectionDrainingEnabled",
                            "setting.4065641051.namespace": "aws:elb:policies",
                            "setting.4065641051.resource": "",
                            "setting.4065641051.value": "true",
                            "setting.4103464800.name": "MinInstancesInService",
                            "setting.4103464800.namespace": "aws:autoscaling:updatepolicy:rollingupdate",
                            "setting.4103464800.resource": "",
                            "setting.4103464800.value": "0",
                            "setting.4236087247.name": "RPC_URL",
                            "setting.4236087247.namespace": "aws:elasticbeanstalk:application:environment",
                            "setting.4236087247.resource": "",
                            "setting.4236087247.value": "b",
                            "setting.493815232.name": "MaxBatchSize",
                            "setting.493815232.namespace": "aws:autoscaling:updatepolicy:rollingupdate",
                            "setting.493815232.resource": "",
                            "setting.493815232.value": "1",
                            "setting.502734328.name": "SSHSourceRestriction",
                            "setting.502734328.namespace": "aws:autoscaling:launchconfiguration",
                            "setting.502734328.resource": "",
                            "setting.502734328.value": "tcp,22,22,0.0.0.0/0",
                            "setting.805407726.name": "PreferredStartTime",
                            "setting.805407726.namespace": "aws:elasticbeanstalk:managedactions",
                            "setting.805407726.resource": "",
                            "setting.805407726.value": "Sun:10:00",
                            "setting.85517308.name": "ELBSubnets",
                            "setting.85517308.namespace": "aws:ec2:vpc",
                            "setting.85517308.resource": "",
                            "setting.85517308.value": "subnet-5abd4110,subnet-5f230b02,subnet-8c5c76a3",
                            "setting.861853309.name": "RPC_USER",
                            "setting.861853309.namespace": "aws:elasticbeanstalk:application:environment",
                            "setting.861853309.resource": "",
                            "setting.861853309.value": "c",
                            "setting.874753280.name": "POSTGRES_DATABASE",
                            "setting.874753280.namespace": "aws:elasticbeanstalk:application:environment",
                            "setting.874753280.resource": "",
                            "setting.874753280.value": "poswallet",
                            "setting.970291396.name": "RPC_PASSWORD",
                            "setting.970291396.namespace": "aws:elasticbeanstalk:application:environment",
                            "setting.970291396.resource": "",
                            "setting.970291396.value": "a",
                            "solution_stack_name": "64bit Amazon Linux 2017.09 v2.8.4 running Docker 17.09.1-ce",
                            "tags.%": "0",
                            "tier": "WebServer",
                            "triggers.#": "0",
                            "version_label": "keycloak",
                            "wait_for_ready_timeout": "20m"
                        },
                        "meta": {
                            "schema_version": "1"
                        },
                        "tainted": false
                    },
                    "deposed": [],
                    "provider": "provider.aws"
                },
                "aws_iam_instance_profile.ec2": {
                    "type": "aws_iam_instance_profile",
                    "depends_on": [
                        "aws_iam_role.ec2",
                        "module.label"
                    ],
                    "primary": {
                        "id": "poswallet-default-poswallet-ec2",
                        "attributes": {
                            "arn": "arn:aws:iam::343026901112:instance-profile/poswallet-default-poswallet-ec2",
                            "id": "poswallet-default-poswallet-ec2",
                            "name": "poswallet-default-poswallet-ec2",
                            "path": "/",
                            "role": "poswallet-default-poswallet-ec2",
                            "roles.#": "1",
                            "roles.1178645233": "poswallet-default-poswallet-ec2",
                            "unique_id": "AIPAJHJ7P2JIEHHENCWKO"
                        },
                        "meta": {},
                        "tainted": false
                    },
                    "deposed": [],
                    "provider": "provider.aws"
                },
                "aws_iam_role.ec2": {
                    "type": "aws_iam_role",
                    "depends_on": [
                        "data.aws_iam_policy_document.ec2",
                        "module.label"
                    ],
                    "primary": {
                        "id": "poswallet-default-poswallet-ec2",
                        "attributes": {
                            "arn": "arn:aws:iam::343026901112:role/poswallet-default-poswallet-ec2",
                            "assume_role_policy": "{\"Version\":\"2012-10-17\",\"Statement\":[{\"Sid\":\"\",\"Effect\":\"Allow\",\"Principal\":{\"Service\":\"ec2.amazonaws.com\"},\"Action\":\"sts:AssumeRole\"},{\"Sid\":\"\",\"Effect\":\"Allow\",\"Principal\":{\"Service\":\"ssm.amazonaws.com\"},\"Action\":\"sts:AssumeRole\"}]}",
                            "create_date": "2018-03-14T23:35:48Z",
                            "force_detach_policies": "false",
                            "id": "poswallet-default-poswallet-ec2",
                            "name": "poswallet-default-poswallet-ec2",
                            "path": "/",
                            "unique_id": "AROAI4L6DGU22IJ3TETN4"
                        },
                        "meta": {},
                        "tainted": false
                    },
                    "deposed": [],
                    "provider": "provider.aws"
                },
                "aws_iam_role.service": {
                    "type": "aws_iam_role",
                    "depends_on": [
                        "data.aws_iam_policy_document.service",
                        "module.label"
                    ],
                    "primary": {
                        "id": "poswallet-default-poswallet-service",
                        "attributes": {
                            "arn": "arn:aws:iam::343026901112:role/poswallet-default-poswallet-service",
                            "assume_role_policy": "{\"Version\":\"2012-10-17\",\"Statement\":[{\"Sid\":\"\",\"Effect\":\"Allow\",\"Principal\":{\"Service\":\"elasticbeanstalk.amazonaws.com\"},\"Action\":\"sts:AssumeRole\"}]}",
                            "create_date": "2018-03-14T23:35:47Z",
                            "force_detach_policies": "false",
                            "id": "poswallet-default-poswallet-service",
                            "name": "poswallet-default-poswallet-service",
                            "path": "/",
                            "unique_id": "AROAJUKEMK3GDKORZISVY"
                        },
                        "meta": {},
                        "tainted": false
                    },
                    "deposed": [],
                    "provider": "provider.aws"
                },
                "aws_iam_role_policy.default": {
                    "type": "aws_iam_role_policy",
                    "depends_on": [
                        "aws_iam_role.ec2",
                        "data.aws_iam_policy_document.default",
                        "module.label"
                    ],
                    "primary": {
                        "id": "poswallet-default-poswallet-ec2:poswallet-default-poswallet-default",
                        "attributes": {
                            "id": "poswallet-default-poswallet-ec2:poswallet-default-poswallet-default",
                            "name": "poswallet-default-poswallet-default",
                            "policy": "{\n  \"Version\": \"2012-10-17\",\n  \"Statement\": [\n    {\n      \"Sid\": \"\",\n      \"Effect\": \"Allow\",\n      \"Action\": [\n        \"ssm:*\",\n        \"sqs:GetQueueUrl\",\n        \"sqs:GetQueueAttributes\",\n        \"s3:*\",\n        \"logs:*\",\n        \"elasticloadbalancing:DescribeTargetHealth\",\n        \"elasticloadbalancing:DescribeLoadBalancers\",\n        \"elasticloadbalancing:DescribeInstanceHealth\",\n        \"ecr:ListImages\",\n        \"ecr:GetRepositoryPolicy\",\n        \"ecr:GetDownloadUrlForLayer\",\n        \"ecr:GetAuthorizationToken\",\n        \"ecr:DescribeRepositories\",\n        \"ecr:DescribeImages\",\n        \"ecr:BatchGetImage\",\n        \"ecr:BatchCheckLayerAvailability\",\n        \"ec2messages:*\",\n        \"ec2:GetConsoleOutput\",\n        \"ec2:DescribeSecurityGroups\",\n        \"ec2:DescribeInstances\",\n        \"ec2:DescribeInstanceStatus\",\n        \"ec2:DescribeAddresses\",\n        \"ec2:AssociateAddress\",\n        \"ds:DescribeDirectories\",\n        \"ds:CreateComputer\",\n        \"cloudwatch:PutMetricData\",\n        \"autoscaling:DescribeScalingActivities\",\n        \"autoscaling:DescribeNotificationConfigurations\",\n        \"autoscaling:DescribeAutoScalingInstances\",\n        \"autoscaling:DescribeAutoScalingGroups\"\n      ],\n      \"Resource\": \"*\"\n    },\n    {\n      \"Sid\": \"AllowOperations\",\n      \"Effect\": \"Allow\",\n      \"Action\": [\n        \"ssm:*\",\n        \"sqs:GetQueueUrl\",\n        \"sqs:GetQueueAttributes\",\n        \"sns:Subscribe\",\n        \"sns:ListSubscriptionsByTopic\",\n        \"sns:GetTopicAttributes\",\n        \"sns:CreateTopic\",\n        \"s3:listBuckets\",\n        \"s3:ListObjects\",\n        \"s3:ListBucket\",\n        \"s3:GetObjectMetadata\",\n        \"s3:GetObjectAcl\",\n        \"s3:GetObject\",\n        \"s3:CopyObject\",\n        \"s3:*\",\n        \"rds:DescribeOrderableDBInstanceOptions\",\n        \"rds:DescribeDBInstances\",\n        \"rds:DescribeDBEngineVersions\",\n        \"logs:PutRetentionPolicy\",\n        \"logs:CreateLogGroup\",\n        \"logs:*\",\n        \"iam:PassRole\",\n        \"iam:ListRoles\",\n        \"elasticloadbalancing:RegisterTargets\",\n        \"elasticloadbalancing:RegisterInstancesWithLoadBalancer\",\n        \"elasticloadbalancing:DescribeTargetHealth\",\n        \"elasticloadbalancing:DescribeTargetGroups\",\n        \"elasticloadbalancing:DescribeLoadBalancers\",\n        \"elasticloadbalancing:DescribeInstanceHealth\",\n        \"elasticloadbalancing:DeregisterTargets\",\n        \"elasticloadbalancing:DeregisterInstancesFromLoadBalancer\",\n        \"elasticloadbalancing:DeleteLoadBalancer\",\n        \"elasticloadbalancing:CreateLoadBalancer\",\n        \"elasticloadbalancing:ConfigureHealthCheck\",\n        \"elasticloadbalancing:ApplySecurityGroupsToLoadBalancer\",\n        \"elasticbeanstalk:*\",\n        \"ecs:RegisterTaskDefinition\",\n        \"ecs:DescribeClusters\",\n        \"ecs:DeleteCluster\",\n        \"ecs:CreateCluster\",\n        \"ecr:ListImages\",\n        \"ecr:GetRepositoryPolicy\",\n        \"ecr:GetDownloadUrlForLayer\",\n        \"ecr:GetAuthorizationToken\",\n        \"ecr:DescribeRepositories\",\n        \"ecr:DescribeImages\",\n        \"ecr:BatchGetImage\",\n        \"ecr:BatchCheckLayerAvailability\",\n        \"ec2messages:*\",\n        \"ec2:TerminateInstances\",\n        \"ec2:RevokeSecurityGroupIngress\",\n        \"ec2:RevokeSecurityGroupEgress\",\n        \"ec2:ReleaseAddress\",\n        \"ec2:DisassociateAddress\",\n        \"ec2:DescribeVpcs\",\n        \"ec2:DescribeSubnets\",\n        \"ec2:DescribeSnapshots\",\n        \"ec2:DescribeSecurityGroups\",\n        \"ec2:DescribeKeyPairs\",\n        \"ec2:DescribeInstances\",\n        \"ec2:DescribeInstanceStatus\",\n        \"ec2:DescribeImages\",\n        \"ec2:DescribeAddresses\",\n        \"ec2:DescribeAccountAttributes\",\n        \"ec2:DeleteSecurityGroup\",\n        \"ec2:CreateSecurityGroup\",\n        \"ec2:AuthorizeSecurityGroupIngress\",\n        \"ec2:AuthorizeSecurityGroupEgress\",\n        \"ec2:AssociateAddress\",\n        \"ec2:AllocateAddress\",\n        \"ds:DescribeDirectories\",\n        \"ds:CreateComputer\",\n        \"codebuild:StartBuild\",\n        \"codebuild:DeleteProject\",\n        \"codebuild:CreateProject\",\n        \"codebuild:BatchGetBuilds\",\n        \"cloudwatch:PutMetricData\",\n        \"cloudwatch:PutMetricAlarm\",\n        \"autoscaling:UpdateAutoScalingGroup\",\n        \"autoscaling:TerminateInstanceInAutoScalingGroup\",\n        \"autoscaling:SuspendProcesses\",\n        \"autoscaling:SetDesiredCapacity\",\n        \"autoscaling:ResumeProcesses\",\n        \"autoscaling:PutScheduledUpdateGroupAction\",\n        \"autoscaling:DetachInstances\",\n        \"autoscaling:DescribeScheduledActions\",\n        \"autoscaling:DescribeScalingActivities\",\n        \"autoscaling:DescribeNotificationConfigurations\",\n        \"autoscaling:DescribeLoadBalancers\",\n        \"autoscaling:DescribeLaunchConfigurations\",\n        \"autoscaling:DescribeAutoScalingInstances\",\n        \"autoscaling:DescribeAutoScalingGroups\",\n        \"autoscaling:DescribeAccountLimits\",\n        \"autoscaling:DeleteScheduledAction\",\n        \"autoscaling:DeleteLaunchConfiguration\",\n        \"autoscaling:DeleteAutoScalingGroup\",\n        \"autoscaling:CreateLaunchConfiguration\",\n        \"autoscaling:CreateAutoScalingGroup\",\n        \"autoscaling:AttachInstances\"\n      ],\n      \"Resource\": \"*\"\n    },\n    {\n      \"Sid\": \"AllowS3OperationsOnElasticBeanstalkBuckets\",\n      \"Effect\": \"Allow\",\n      \"Action\": \"s3:*\",\n      \"Resource\": \"arn:aws:s3:::*\"\n    },\n    {\n      \"Sid\": \"AllowDeleteCloudwatchLogGroups\",\n      \"Effect\": \"Allow\",\n      \"Action\": \"logs:DeleteLogGroup\",\n      \"Resource\": \"arn:aws:logs:*:*:log-group:/aws/elasticbeanstalk*\"\n    },\n    {\n      \"Sid\": \"AllowCloudformationOperationsOnElasticBeanstalkStacks\",\n      \"Effect\": \"Allow\",\n      \"Action\": \"cloudformation:*\",\n      \"Resource\": [\n        \"arn:aws:cloudformation:*:*:stack/eb-*\",\n        \"arn:aws:cloudformation:*:*:stack/awseb-*\"\n      ]\n    }\n  ]\n}",
                            "role": "poswallet-default-poswallet-ec2"
                        },
                        "meta": {},
                        "tainted": false
                    },
                    "deposed": [],
                    "provider": "provider.aws"
                },
                "aws_iam_role_policy_attachment.ecr-readonly": {
                    "type": "aws_iam_role_policy_attachment",
                    "depends_on": [
                        "aws_iam_role.ec2"
                    ],
                    "primary": {
                        "id": "poswallet-default-poswallet-ec2-20180314233549208300000003",
                        "attributes": {
                            "id": "poswallet-default-poswallet-ec2-20180314233549208300000003",
                            "policy_arn": "arn:aws:iam::aws:policy/AmazonEC2ContainerRegistryReadOnly",
                            "role": "poswallet-default-poswallet-ec2"
                        },
                        "meta": {},
                        "tainted": false
                    },
                    "deposed": [],
                    "provider": "provider.aws"
                },
                "aws_iam_role_policy_attachment.enhanced-health": {
                    "type": "aws_iam_role_policy_attachment",
                    "depends_on": [
                        "aws_iam_role.service"
                    ],
                    "primary": {
                        "id": "poswallet-default-poswallet-service-20180314233549125200000001",
                        "attributes": {
                            "id": "poswallet-default-poswallet-service-20180314233549125200000001",
                            "policy_arn": "arn:aws:iam::aws:policy/service-role/AWSElasticBeanstalkEnhancedHealth",
                            "role": "poswallet-default-poswallet-service"
                        },
                        "meta": {},
                        "tainted": false
                    },
                    "deposed": [],
                    "provider": "provider.aws"
                },
                "aws_iam_role_policy_attachment.service": {
                    "type": "aws_iam_role_policy_attachment",
                    "depends_on": [
                        "aws_iam_role.service"
                    ],
                    "primary": {
                        "id": "poswallet-default-poswallet-service-20180314233549126600000002",
                        "attributes": {
                            "id": "poswallet-default-poswallet-service-20180314233549126600000002",
                            "policy_arn": "arn:aws:iam::aws:policy/service-role/AWSElasticBeanstalkService",
                            "role": "poswallet-default-poswallet-service"
                        },
                        "meta": {},
                        "tainted": false
                    },
                    "deposed": [],
                    "provider": "provider.aws"
                },
                "aws_iam_role_policy_attachment.ssm-automation": {
                    "type": "aws_iam_role_policy_attachment",
                    "depends_on": [
                        "aws_iam_role.ec2"
                    ],
                    "primary": {
                        "id": "poswallet-default-poswallet-ec2-20180314233550792000000006",
                        "attributes": {
                            "id": "poswallet-default-poswallet-ec2-20180314233550792000000006",
                            "policy_arn": "arn:aws:iam::aws:policy/service-role/AmazonSSMAutomationRole",
                            "role": "poswallet-default-poswallet-ec2"
                        },
                        "meta": {},
                        "tainted": false
                    },
                    "deposed": [],
                    "provider": "provider.aws"
                },
                "aws_iam_role_policy_attachment.ssm-ec2": {
                    "type": "aws_iam_role_policy_attachment",
                    "depends_on": [
                        "aws_iam_role.ec2"
                    ],
                    "primary": {
                        "id": "poswallet-default-poswallet-ec2-20180314233549261500000004",
                        "attributes": {
                            "id": "poswallet-default-poswallet-ec2-20180314233549261500000004",
                            "policy_arn": "arn:aws:iam::aws:policy/service-role/AmazonEC2RoleforSSM",
                            "role": "poswallet-default-poswallet-ec2"
                        },
                        "meta": {},
                        "tainted": false
                    },
                    "deposed": [],
                    "provider": "provider.aws"
                },
                "aws_iam_role_policy_attachment.web-tier": {
                    "type": "aws_iam_role_policy_attachment",
                    "depends_on": [
                        "aws_iam_role.ec2"
                    ],
                    "primary": {
                        "id": "poswallet-default-poswallet-ec2-20180314233550794000000007",
                        "attributes": {
                            "id": "poswallet-default-poswallet-ec2-20180314233550794000000007",
                            "policy_arn": "arn:aws:iam::aws:policy/AWSElasticBeanstalkWebTier",
                            "role": "poswallet-default-poswallet-ec2"
                        },
                        "meta": {},
                        "tainted": false
                    },
                    "deposed": [],
                    "provider": "provider.aws"
                },
                "aws_iam_role_policy_attachment.worker-tier": {
                    "type": "aws_iam_role_policy_attachment",
                    "depends_on": [
                        "aws_iam_role.ec2"
                    ],
                    "primary": {
                        "id": "poswallet-default-poswallet-ec2-20180314233549640900000005",
                        "attributes": {
                            "id": "poswallet-default-poswallet-ec2-20180314233549640900000005",
                            "policy_arn": "arn:aws:iam::aws:policy/AWSElasticBeanstalkWorkerTier",
                            "role": "poswallet-default-poswallet-ec2"
                        },
                        "meta": {},
                        "tainted": false
                    },
                    "deposed": [],
                    "provider": "provider.aws"
                },
                "aws_s3_bucket.default": {
                    "type": "aws_s3_bucket",
                    "depends_on": [],
                    "primary": {
                        "id": "poswallet-deployments",
                        "attributes": {
                            "acceleration_status": "",
                            "acl": "private",
                            "arn": "arn:aws:s3:::poswallet-deployments",
                            "bucket": "poswallet-deployments",
                            "bucket_domain_name": "poswallet-deployments.s3.amazonaws.com",
                            "force_destroy": "false",
                            "hosted_zone_id": "Z3AQBSTGFYJSTF",
                            "id": "poswallet-deployments",
                            "logging.#": "0",
                            "region": "us-east-1",
                            "replication_configuration.#": "0",
                            "request_payer": "BucketOwner",
                            "server_side_encryption_configuration.#": "0",
                            "tags.%": "0",
                            "versioning.#": "1",
                            "versioning.0.enabled": "false",
                            "versioning.0.mfa_delete": "false",
                            "website.#": "0"
                        },
                        "meta": {},
                        "tainted": false
                    },
                    "deposed": [],
                    "provider": "provider.aws"
                },
                "aws_s3_bucket.elb_logs": {
                    "type": "aws_s3_bucket",
                    "depends_on": [
                        "data.aws_iam_policy_document.elb_logs",
                        "module.label"
                    ],
                    "primary": {
                        "id": "poswallet-default-poswallet-logs",
                        "attributes": {
                            "acceleration_status": "",
                            "acl": "private",
                            "arn": "arn:aws:s3:::poswallet-default-poswallet-logs",
                            "bucket": "poswallet-default-poswallet-logs",
                            "bucket_domain_name": "poswallet-default-poswallet-logs.s3.amazonaws.com",
                            "force_destroy": "false",
                            "hosted_zone_id": "Z3AQBSTGFYJSTF",
                            "id": "poswallet-default-poswallet-logs",
                            "logging.#": "0",
                            "policy": "{\"Statement\":[{\"Action\":\"s3:PutObject\",\"Effect\":\"Allow\",\"Principal\":{\"AWS\":\"arn:aws:iam::127311923021:root\"},\"Resource\":\"arn:aws:s3:::poswallet-default-poswallet-logs/*\",\"Sid\":\"\"}],\"Version\":\"2012-10-17\"}",
                            "region": "us-east-1",
                            "replication_configuration.#": "0",
                            "request_payer": "BucketOwner",
                            "server_side_encryption_configuration.#": "0",
                            "tags.%": "0",
                            "versioning.#": "1",
                            "versioning.0.enabled": "false",
                            "versioning.0.mfa_delete": "false",
                            "website.#": "0"
                        },
                        "meta": {},
                        "tainted": false
                    },
                    "deposed": [],
                    "provider": "provider.aws"
                },
                "aws_s3_bucket.keycloak": {
                    "type": "aws_s3_bucket",
                    "depends_on": [],
                    "primary": {
                        "id": "poswallet-keycloak-deployments",
                        "attributes": {
                            "acceleration_status": "",
                            "acl": "private",
                            "arn": "arn:aws:s3:::poswallet-keycloak-deployments",
                            "bucket": "poswallet-keycloak-deployments",
                            "bucket_domain_name": "poswallet-keycloak-deployments.s3.amazonaws.com",
                            "force_destroy": "false",
                            "hosted_zone_id": "Z3AQBSTGFYJSTF",
                            "id": "poswallet-keycloak-deployments",
                            "logging.#": "0",
                            "region": "us-east-1",
                            "replication_configuration.#": "0",
                            "request_payer": "BucketOwner",
                            "server_side_encryption_configuration.#": "0",
                            "tags.%": "0",
                            "versioning.#": "1",
                            "versioning.0.enabled": "false",
                            "versioning.0.mfa_delete": "false",
                            "website.#": "0"
                        },
                        "meta": {},
                        "tainted": false
                    },
                    "deposed": [],
                    "provider": "provider.aws"
                },
                "aws_ssm_activation.ec2": {
                    "type": "aws_ssm_activation",
                    "depends_on": [
                        "aws_iam_role.ec2",
                        "module.label"
                    ],
                    "primary": {
                        "id": "176f5794-7276-4c67-a95f-a59471880e60",
                        "attributes": {
                            "activation_code": "NH8wi7XwBYxX17qIXeAJ",
                            "description": "",
                            "iam_role": "poswallet-default-poswallet-ec2",
                            "id": "176f5794-7276-4c67-a95f-a59471880e60",
                            "name": "poswallet-default-poswallet",
                            "registration_count": "0",
                            "registration_limit": "1"
                        },
                        "meta": {},
                        "tainted": false
                    },
                    "deposed": [],
                    "provider": "provider.aws"
                },
                "data.aws_elb_service_account.main": {
                    "type": "aws_elb_service_account",
                    "depends_on": [],
                    "primary": {
                        "id": "127311923021",
                        "attributes": {
                            "arn": "arn:aws:iam::127311923021:root",
                            "id": "127311923021"
                        },
                        "meta": {},
                        "tainted": false
                    },
                    "deposed": [],
                    "provider": "provider.aws"
                },
                "data.aws_iam_policy_document.default": {
                    "type": "aws_iam_policy_document",
                    "depends_on": [],
                    "primary": {
                        "id": "578283695",
                        "attributes": {
                            "id": "578283695",
                            "json": "{\n  \"Version\": \"2012-10-17\",\n  \"Statement\": [\n    {\n      \"Sid\": \"\",\n      \"Effect\": \"Allow\",\n      \"Action\": [\n        \"ssm:*\",\n        \"sqs:GetQueueUrl\",\n        \"sqs:GetQueueAttributes\",\n        \"s3:*\",\n        \"logs:*\",\n        \"elasticloadbalancing:DescribeTargetHealth\",\n        \"elasticloadbalancing:DescribeLoadBalancers\",\n        \"elasticloadbalancing:DescribeInstanceHealth\",\n        \"ecr:ListImages\",\n        \"ecr:GetRepositoryPolicy\",\n        \"ecr:GetDownloadUrlForLayer\",\n        \"ecr:GetAuthorizationToken\",\n        \"ecr:DescribeRepositories\",\n        \"ecr:DescribeImages\",\n        \"ecr:BatchGetImage\",\n        \"ecr:BatchCheckLayerAvailability\",\n        \"ec2messages:*\",\n        \"ec2:GetConsoleOutput\",\n        \"ec2:DescribeSecurityGroups\",\n        \"ec2:DescribeInstances\",\n        \"ec2:DescribeInstanceStatus\",\n        \"ec2:DescribeAddresses\",\n        \"ec2:AssociateAddress\",\n        \"ds:DescribeDirectories\",\n        \"ds:CreateComputer\",\n        \"cloudwatch:PutMetricData\",\n        \"autoscaling:DescribeScalingActivities\",\n        \"autoscaling:DescribeNotificationConfigurations\",\n        \"autoscaling:DescribeAutoScalingInstances\",\n        \"autoscaling:DescribeAutoScalingGroups\"\n      ],\n      \"Resource\": \"*\"\n    },\n    {\n      \"Sid\": \"AllowOperations\",\n      \"Effect\": \"Allow\",\n      \"Action\": [\n        \"ssm:*\",\n        \"sqs:GetQueueUrl\",\n        \"sqs:GetQueueAttributes\",\n        \"sns:Subscribe\",\n        \"sns:ListSubscriptionsByTopic\",\n        \"sns:GetTopicAttributes\",\n        \"sns:CreateTopic\",\n        \"s3:listBuckets\",\n        \"s3:ListObjects\",\n        \"s3:ListBucket\",\n        \"s3:GetObjectMetadata\",\n        \"s3:GetObjectAcl\",\n        \"s3:GetObject\",\n        \"s3:CopyObject\",\n        \"s3:*\",\n        \"rds:DescribeOrderableDBInstanceOptions\",\n        \"rds:DescribeDBInstances\",\n        \"rds:DescribeDBEngineVersions\",\n        \"logs:PutRetentionPolicy\",\n        \"logs:CreateLogGroup\",\n        \"logs:*\",\n        \"iam:PassRole\",\n        \"iam:ListRoles\",\n        \"elasticloadbalancing:RegisterTargets\",\n        \"elasticloadbalancing:RegisterInstancesWithLoadBalancer\",\n        \"elasticloadbalancing:DescribeTargetHealth\",\n        \"elasticloadbalancing:DescribeTargetGroups\",\n        \"elasticloadbalancing:DescribeLoadBalancers\",\n        \"elasticloadbalancing:DescribeInstanceHealth\",\n        \"elasticloadbalancing:DeregisterTargets\",\n        \"elasticloadbalancing:DeregisterInstancesFromLoadBalancer\",\n        \"elasticloadbalancing:DeleteLoadBalancer\",\n        \"elasticloadbalancing:CreateLoadBalancer\",\n        \"elasticloadbalancing:ConfigureHealthCheck\",\n        \"elasticloadbalancing:ApplySecurityGroupsToLoadBalancer\",\n        \"elasticbeanstalk:*\",\n        \"ecs:RegisterTaskDefinition\",\n        \"ecs:DescribeClusters\",\n        \"ecs:DeleteCluster\",\n        \"ecs:CreateCluster\",\n        \"ecr:ListImages\",\n        \"ecr:GetRepositoryPolicy\",\n        \"ecr:GetDownloadUrlForLayer\",\n        \"ecr:GetAuthorizationToken\",\n        \"ecr:DescribeRepositories\",\n        \"ecr:DescribeImages\",\n        \"ecr:BatchGetImage\",\n        \"ecr:BatchCheckLayerAvailability\",\n        \"ec2messages:*\",\n        \"ec2:TerminateInstances\",\n        \"ec2:RevokeSecurityGroupIngress\",\n        \"ec2:RevokeSecurityGroupEgress\",\n        \"ec2:ReleaseAddress\",\n        \"ec2:DisassociateAddress\",\n        \"ec2:DescribeVpcs\",\n        \"ec2:DescribeSubnets\",\n        \"ec2:DescribeSnapshots\",\n        \"ec2:DescribeSecurityGroups\",\n        \"ec2:DescribeKeyPairs\",\n        \"ec2:DescribeInstances\",\n        \"ec2:DescribeInstanceStatus\",\n        \"ec2:DescribeImages\",\n        \"ec2:DescribeAddresses\",\n        \"ec2:DescribeAccountAttributes\",\n        \"ec2:DeleteSecurityGroup\",\n        \"ec2:CreateSecurityGroup\",\n        \"ec2:AuthorizeSecurityGroupIngress\",\n        \"ec2:AuthorizeSecurityGroupEgress\",\n        \"ec2:AssociateAddress\",\n        \"ec2:AllocateAddress\",\n        \"ds:DescribeDirectories\",\n        \"ds:CreateComputer\",\n        \"codebuild:StartBuild\",\n        \"codebuild:DeleteProject\",\n        \"codebuild:CreateProject\",\n        \"codebuild:BatchGetBuilds\",\n        \"cloudwatch:PutMetricData\",\n        \"cloudwatch:PutMetricAlarm\",\n        \"autoscaling:UpdateAutoScalingGroup\",\n        \"autoscaling:TerminateInstanceInAutoScalingGroup\",\n        \"autoscaling:SuspendProcesses\",\n        \"autoscaling:SetDesiredCapacity\",\n        \"autoscaling:ResumeProcesses\",\n        \"autoscaling:PutScheduledUpdateGroupAction\",\n        \"autoscaling:DetachInstances\",\n        \"autoscaling:DescribeScheduledActions\",\n        \"autoscaling:DescribeScalingActivities\",\n        \"autoscaling:DescribeNotificationConfigurations\",\n        \"autoscaling:DescribeLoadBalancers\",\n        \"autoscaling:DescribeLaunchConfigurations\",\n        \"autoscaling:DescribeAutoScalingInstances\",\n        \"autoscaling:DescribeAutoScalingGroups\",\n        \"autoscaling:DescribeAccountLimits\",\n        \"autoscaling:DeleteScheduledAction\",\n        \"autoscaling:DeleteLaunchConfiguration\",\n        \"autoscaling:DeleteAutoScalingGroup\",\n        \"autoscaling:CreateLaunchConfiguration\",\n        \"autoscaling:CreateAutoScalingGroup\",\n        \"autoscaling:AttachInstances\"\n      ],\n      \"Resource\": \"*\"\n    },\n    {\n      \"Sid\": \"AllowS3OperationsOnElasticBeanstalkBuckets\",\n      \"Effect\": \"Allow\",\n      \"Action\": \"s3:*\",\n      \"Resource\": \"arn:aws:s3:::*\"\n    },\n    {\n      \"Sid\": \"AllowDeleteCloudwatchLogGroups\",\n      \"Effect\": \"Allow\",\n      \"Action\": \"logs:DeleteLogGroup\",\n      \"Resource\": \"arn:aws:logs:*:*:log-group:/aws/elasticbeanstalk*\"\n    },\n    {\n      \"Sid\": \"AllowCloudformationOperationsOnElasticBeanstalkStacks\",\n      \"Effect\": \"Allow\",\n      \"Action\": \"cloudformation:*\",\n      \"Resource\": [\n        \"arn:aws:cloudformation:*:*:stack/eb-*\",\n        \"arn:aws:cloudformation:*:*:stack/awseb-*\"\n      ]\n    }\n  ]\n}",
                            "statement.#": "5",
                            "statement.0.actions.#": "30",
                            "statement.0.actions.1035341934": "ecr:DescribeRepositories",
                            "statement.0.actions.1274732150": "autoscaling:DescribeAutoScalingGroups",
                            "statement.0.actions.1715831028": "elasticloadbalancing:DescribeInstanceHealth",
                            "statement.0.actions.1809533934": "cloudwatch:PutMetricData",
                            "statement.0.actions.1813900036": "ecr:BatchCheckLayerAvailability",
                            "statement.0.actions.1834123015": "s3:*",
                            "statement.0.actions.1871363705": "elasticloadbalancing:DescribeTargetHealth",
                            "statement.0.actions.2009174805": "elasticloadbalancing:DescribeLoadBalancers",
                            "statement.0.actions.209119921": "ecr:GetRepositoryPolicy",
                            "statement.0.actions.2177453935": "sqs:GetQueueAttributes",
                            "statement.0.actions.2290251134": "ds:CreateComputer",
                            "statement.0.actions.2319642253": "autoscaling:DescribeScalingActivities",
                            "statement.0.actions.235573035": "ec2:DescribeAddresses",
                            "statement.0.actions.2380047621": "logs:*",
                            "statement.0.actions.2448883636": "autoscaling:DescribeAutoScalingInstances",
                            "statement.0.actions.2610373158": "ecr:GetDownloadUrlForLayer",
                            "statement.0.actions.3168153159": "ssm:*",
                            "statement.0.actions.3466923763": "ec2:DescribeInstances",
                            "statement.0.actions.361714279": "sqs:GetQueueUrl",
                            "statement.0.actions.3658911630": "ecr:DescribeImages",
                            "statement.0.actions.3752287614": "ecr:GetAuthorizationToken",
                            "statement.0.actions.3993110217": "autoscaling:DescribeNotificationConfigurations",
                            "statement.0.actions.4122399225": "ec2:AssociateAddress",
                            "statement.0.actions.4171013244": "ds:DescribeDirectories",
                            "statement.0.actions.4234869000": "ecr:BatchGetImage",
                            "statement.0.actions.4272682636": "ecr:ListImages",
                            "statement.0.actions.70881040": "ec2:DescribeSecurityGroups",
                            "statement.0.actions.733372114": "ec2:GetConsoleOutput",
                            "statement.0.actions.845492566": "ec2messages:*",
                            "statement.0.actions.893144657": "ec2:DescribeInstanceStatus",
                            "statement.0.condition.#": "0",
                            "statement.0.effect": "Allow",
                            "statement.0.not_actions.#": "0",
                            "statement.0.not_principals.#": "0",
                            "statement.0.not_resources.#": "0",
                            "statement.0.principals.#": "0",
                            "statement.0.resources.#": "1",
                            "statement.0.resources.2679715827": "*",
                            "statement.0.sid": "",
                            "statement.1.actions.#": "99",
                            "statement.1.actions.1035341934": "ecr:DescribeRepositories",
                            "statement.1.actions.1040462066": "ecs:CreateCluster",
                            "statement.1.actions.111505067": "autoscaling:CreateAutoScalingGroup",
                            "statement.1.actions.1224205237": "autoscaling:DeleteAutoScalingGroup",
                            "statement.1.actions.1274732150": "autoscaling:DescribeAutoScalingGroups",
                            "statement.1.actions.1287944848": "codebuild:StartBuild",
                            "statement.1.actions.134707962": "rds:DescribeOrderableDBInstanceOptions",
                            "statement.1.actions.1423419021": "autoscaling:DeleteScheduledAction",
                            "statement.1.actions.1536675971": "autoscaling:UpdateAutoScalingGroup",
                            "statement.1.actions.157581488": "autoscaling:DescribeScheduledActions",
                            "statement.1.actions.1610196262": "s3:ListObjects",
                            "statement.1.actions.1620349455": "elasticloadbalancing:RegisterTargets",
                            "statement.1.actions.1694350687": "ec2:DescribeKeyPairs",
                            "statement.1.actions.1715831028": "elasticloadbalancing:DescribeInstanceHealth",
                            "statement.1.actions.1729616050": "autoscaling:PutScheduledUpdateGroupAction",
                            "statement.1.actions.1765044567": "ec2:TerminateInstances",
                            "statement.1.actions.1782240822": "elasticloadbalancing:DeregisterTargets",
                            "statement.1.actions.1802654865": "ec2:DescribeAccountAttributes",
                            "statement.1.actions.1809533934": "cloudwatch:PutMetricData",
                            "statement.1.actions.1813900036": "ecr:BatchCheckLayerAvailability",
                            "statement.1.actions.1816191192": "rds:DescribeDBInstances",
                            "statement.1.actions.1834123015": "s3:*",
                            "statement.1.actions.1871363705": "elasticloadbalancing:DescribeTargetHealth",
                            "statement.1.actions.1976214717": "autoscaling:DescribeLoadBalancers",
                            "statement.1.actions.2009174805": "elasticloadbalancing:DescribeLoadBalancers",
                            "statement.1.actions.2071725391": "s3:GetObject",
                            "statement.1.actions.209119921": "ecr:GetRepositoryPolicy",
                            "statement.1.actions.2147105893": "autoscaling:AttachInstances",
                            "statement.1.actions.2177453935": "sqs:GetQueueAttributes",
                            "statement.1.actions.2219127305": "s3:GetObjectMetadata",
                            "statement.1.actions.2249486182": "ec2:RevokeSecurityGroupIngress",
                            "statement.1.actions.2270227066": "ec2:DescribeImages",
                            "statement.1.actions.2290251134": "ds:CreateComputer",
                            "statement.1.actions.2319642253": "autoscaling:DescribeScalingActivities",
                            "statement.1.actions.235573035": "ec2:DescribeAddresses",
                            "statement.1.actions.2380047621": "logs:*",
                            "statement.1.actions.2382482145": "sns:GetTopicAttributes",
                            "statement.1.actions.2425111070": "sns:ListSubscriptionsByTopic",
                            "statement.1.actions.2448883636": "autoscaling:DescribeAutoScalingInstances",
                            "statement.1.actions.2464853358": "ec2:AuthorizeSecurityGroupIngress",
                            "statement.1.actions.2517836488": "s3:GetObjectAcl",
                            "statement.1.actions.2555065653": "autoscaling:DescribeLaunchConfigurations",
                            "statement.1.actions.2583978246": "elasticbeanstalk:*",
                            "statement.1.actions.2610373158": "ecr:GetDownloadUrlForLayer",
                            "statement.1.actions.2680174281": "ec2:ReleaseAddress",
                            "statement.1.actions.2706807274": "elasticloadbalancing:DeregisterInstancesFromLoadBalancer",
                            "statement.1.actions.2727619928": "ec2:DescribeSnapshots",
                            "statement.1.actions.2748609266": "codebuild:BatchGetBuilds",
                            "statement.1.actions.2772249080": "ec2:DescribeVpcs",
                            "statement.1.actions.2809485102": "logs:CreateLogGroup",
                            "statement.1.actions.2825326771": "codebuild:DeleteProject",
                            "statement.1.actions.2876182729": "autoscaling:DeleteLaunchConfiguration",
                            "statement.1.actions.3063892003": "autoscaling:CreateLaunchConfiguration",
                            "statement.1.actions.3073260051": "s3:CopyObject",
                            "statement.1.actions.3138337153": "elasticloadbalancing:DescribeTargetGroups",
                            "statement.1.actions.3168153159": "ssm:*",
                            "statement.1.actions.3217912739": "ecs:DeleteCluster",
                            "statement.1.actions.3254914448": "iam:ListRoles",
                            "statement.1.actions.3286268218": "s3:listBuckets",
                            "statement.1.actions.3381669024": "ec2:DisassociateAddress",
                            "statement.1.actions.3466923763": "ec2:DescribeInstances",
                            "statement.1.actions.3469696720": "autoscaling:TerminateInstanceInAutoScalingGroup",
                            "statement.1.actions.3488874610": "elasticloadbalancing:CreateLoadBalancer",
                            "statement.1.actions.3531923417": "ec2:AuthorizeSecurityGroupEgress",
                            "statement.1.actions.361714279": "sqs:GetQueueUrl",
                            "statement.1.actions.3650516181": "autoscaling:SuspendProcesses",
                            "statement.1.actions.3658911630": "ecr:DescribeImages",
                            "statement.1.actions.3699372668": "ec2:DescribeSubnets",
                            "statement.1.actions.3752287614": "ecr:GetAuthorizationToken",
                            "statement.1.actions.3904439669": "ecs:RegisterTaskDefinition",
                            "statement.1.actions.3938318613": "elasticloadbalancing:ConfigureHealthCheck",
                            "statement.1.actions.3993110217": "autoscaling:DescribeNotificationConfigurations",
                            "statement.1.actions.4077740847": "logs:PutRetentionPolicy",
                            "statement.1.actions.4097283626": "ec2:AllocateAddress",
                            "statement.1.actions.4122399225": "ec2:AssociateAddress",
                            "statement.1.actions.4164593108": "autoscaling:DetachInstances",
                            "statement.1.actions.4171013244": "ds:DescribeDirectories",
                            "statement.1.actions.4177755175": "rds:DescribeDBEngineVersions",
                            "statement.1.actions.4234869000": "ecr:BatchGetImage",
                            "statement.1.actions.4272682636": "ecr:ListImages",
                            "statement.1.actions.4274967226": "ecs:DescribeClusters",
                            "statement.1.actions.4290778399": "elasticloadbalancing:DeleteLoadBalancer",
                            "statement.1.actions.432460084": "elasticloadbalancing:ApplySecurityGroupsToLoadBalancer",
                            "statement.1.actions.432736201": "cloudwatch:PutMetricAlarm",
                            "statement.1.actions.486976917": "s3:ListBucket",
                            "statement.1.actions.506116069": "ec2:CreateSecurityGroup",
                            "statement.1.actions.557626329": "autoscaling:SetDesiredCapacity",
                            "statement.1.actions.610709712": "sns:Subscribe",
                            "statement.1.actions.646648939": "iam:PassRole",
                            "statement.1.actions.699290594": "codebuild:CreateProject",
                            "statement.1.actions.70881040": "ec2:DescribeSecurityGroups",
                            "statement.1.actions.756653589": "ec2:DeleteSecurityGroup",
                            "statement.1.actions.756717765": "ec2:RevokeSecurityGroupEgress",
                            "statement.1.actions.756944760": "sns:CreateTopic",
                            "statement.1.actions.794565959": "autoscaling:DescribeAccountLimits",
                            "statement.1.actions.845492566": "ec2messages:*",
                            "statement.1.actions.893144657": "ec2:DescribeInstanceStatus",
                            "statement.1.actions.897634786": "autoscaling:ResumeProcesses",
                            "statement.1.actions.982461153": "elasticloadbalancing:RegisterInstancesWithLoadBalancer",
                            "statement.1.condition.#": "0",
                            "statement.1.effect": "Allow",
                            "statement.1.not_actions.#": "0",
                            "statement.1.not_principals.#": "0",
                            "statement.1.not_resources.#": "0",
                            "statement.1.principals.#": "0",
                            "statement.1.resources.#": "1",
                            "statement.1.resources.2679715827": "*",
                            "statement.1.sid": "AllowOperations",
                            "statement.2.actions.#": "1",
                            "statement.2.actions.1834123015": "s3:*",
                            "statement.2.condition.#": "0",
                            "statement.2.effect": "Allow",
                            "statement.2.not_actions.#": "0",
                            "statement.2.not_principals.#": "0",
                            "statement.2.not_resources.#": "0",
                            "statement.2.principals.#": "0",
                            "statement.2.resources.#": "1",
                            "statement.2.resources.2835728174": "arn:aws:s3:::*",
                            "statement.2.sid": "AllowS3OperationsOnElasticBeanstalkBuckets",
                            "statement.3.actions.#": "1",
                            "statement.3.actions.3147366159": "logs:DeleteLogGroup",
                            "statement.3.condition.#": "0",
                            "statement.3.effect": "Allow",
                            "statement.3.not_actions.#": "0",
                            "statement.3.not_principals.#": "0",
                            "statement.3.not_resources.#": "0",
                            "statement.3.principals.#": "0",
                            "statement.3.resources.#": "1",
                            "statement.3.resources.961430510": "arn:aws:logs:*:*:log-group:/aws/elasticbeanstalk*",
                            "statement.3.sid": "AllowDeleteCloudwatchLogGroups",
                            "statement.4.actions.#": "1",
                            "statement.4.actions.2257256399": "cloudformation:*",
                            "statement.4.condition.#": "0",
                            "statement.4.effect": "Allow",
                            "statement.4.not_actions.#": "0",
                            "statement.4.not_principals.#": "0",
                            "statement.4.not_resources.#": "0",
                            "statement.4.principals.#": "0",
                            "statement.4.resources.#": "2",
                            "statement.4.resources.1623399612": "arn:aws:cloudformation:*:*:stack/awseb-*",
                            "statement.4.resources.3058079996": "arn:aws:cloudformation:*:*:stack/eb-*",
                            "statement.4.sid": "AllowCloudformationOperationsOnElasticBeanstalkStacks"
                        },
                        "meta": {},
                        "tainted": false
                    },
                    "deposed": [],
                    "provider": "provider.aws"
                },
                "data.aws_iam_policy_document.ec2": {
                    "type": "aws_iam_policy_document",
                    "depends_on": [],
                    "primary": {
                        "id": "664989371",
                        "attributes": {
                            "id": "664989371",
                            "json": "{\n  \"Version\": \"2012-10-17\",\n  \"Statement\": [\n    {\n      \"Sid\": \"\",\n      \"Effect\": \"Allow\",\n      \"Action\": \"sts:AssumeRole\",\n      \"Principal\": {\n        \"Service\": \"ec2.amazonaws.com\"\n      }\n    },\n    {\n      \"Sid\": \"\",\n      \"Effect\": \"Allow\",\n      \"Action\": \"sts:AssumeRole\",\n      \"Principal\": {\n        \"Service\": \"ssm.amazonaws.com\"\n      }\n    }\n  ]\n}",
                            "statement.#": "2",
                            "statement.0.actions.#": "1",
                            "statement.0.actions.2528466339": "sts:AssumeRole",
                            "statement.0.condition.#": "0",
                            "statement.0.effect": "Allow",
                            "statement.0.not_actions.#": "0",
                            "statement.0.not_principals.#": "0",
                            "statement.0.not_resources.#": "0",
                            "statement.0.principals.#": "1",
                            "statement.0.principals.1134724139.identifiers.#": "1",
                            "statement.0.principals.1134724139.identifiers.3655884555": "ec2.amazonaws.com",
                            "statement.0.principals.1134724139.type": "Service",
                            "statement.0.resources.#": "0",
                            "statement.0.sid": "",
                            "statement.1.actions.#": "1",
                            "statement.1.actions.2528466339": "sts:AssumeRole",
                            "statement.1.condition.#": "0",
                            "statement.1.effect": "Allow",
                            "statement.1.not_actions.#": "0",
                            "statement.1.not_principals.#": "0",
                            "statement.1.not_resources.#": "0",
                            "statement.1.principals.#": "1",
                            "statement.1.principals.2414993975.identifiers.#": "1",
                            "statement.1.principals.2414993975.identifiers.2832566709": "ssm.amazonaws.com",
                            "statement.1.principals.2414993975.type": "Service",
                            "statement.1.resources.#": "0",
                            "statement.1.sid": ""
                        },
                        "meta": {},
                        "tainted": false
                    },
                    "deposed": [],
                    "provider": "provider.aws"
                },
                "data.aws_iam_policy_document.elb_logs": {
                    "type": "aws_iam_policy_document",
                    "depends_on": [
                        "data.aws_elb_service_account.main",
                        "module.label"
                    ],
                    "primary": {
                        "id": "1924165671",
                        "attributes": {
                            "id": "1924165671",
                            "json": "{\n  \"Version\": \"2012-10-17\",\n  \"Statement\": [\n    {\n      \"Sid\": \"\",\n      \"Effect\": \"Allow\",\n      \"Action\": \"s3:PutObject\",\n      \"Resource\": \"arn:aws:s3:::poswallet-default-poswallet-logs/*\",\n      \"Principal\": {\n        \"AWS\": \"arn:aws:iam::127311923021:root\"\n      }\n    }\n  ]\n}",
                            "statement.#": "1",
                            "statement.0.actions.#": "1",
                            "statement.0.actions.315547055": "s3:PutObject",
                            "statement.0.condition.#": "0",
                            "statement.0.effect": "Allow",
                            "statement.0.not_actions.#": "0",
                            "statement.0.not_principals.#": "0",
                            "statement.0.not_resources.#": "0",
                            "statement.0.principals.#": "1",
                            "statement.0.principals.1001788533.identifiers.#": "1",
                            "statement.0.principals.1001788533.identifiers.1294614456": "arn:aws:iam::127311923021:root",
                            "statement.0.principals.1001788533.type": "AWS",
                            "statement.0.resources.#": "1",
                            "statement.0.resources.3669288099": "arn:aws:s3:::poswallet-default-poswallet-logs/*",
                            "statement.0.sid": ""
                        },
                        "meta": {},
                        "tainted": false
                    },
                    "deposed": [],
                    "provider": "provider.aws"
                },
                "data.aws_iam_policy_document.service": {
                    "type": "aws_iam_policy_document",
                    "depends_on": [],
                    "primary": {
                        "id": "3596823395",
                        "attributes": {
                            "id": "3596823395",
                            "json": "{\n  \"Version\": \"2012-10-17\",\n  \"Statement\": [\n    {\n      \"Sid\": \"\",\n      \"Effect\": \"Allow\",\n      \"Action\": \"sts:AssumeRole\",\n      \"Principal\": {\n        \"Service\": \"elasticbeanstalk.amazonaws.com\"\n      }\n    }\n  ]\n}",
                            "statement.#": "1",
                            "statement.0.actions.#": "1",
                            "statement.0.actions.2528466339": "sts:AssumeRole",
                            "statement.0.condition.#": "0",
                            "statement.0.effect": "Allow",
                            "statement.0.not_actions.#": "0",
                            "statement.0.not_principals.#": "0",
                            "statement.0.not_resources.#": "0",
                            "statement.0.principals.#": "1",
                            "statement.0.principals.2044918648.identifiers.#": "1",
                            "statement.0.principals.2044918648.identifiers.3970710366": "elasticbeanstalk.amazonaws.com",
                            "statement.0.principals.2044918648.type": "Service",
                            "statement.0.resources.#": "0",
                            "statement.0.sid": ""
                        },
                        "meta": {},
                        "tainted": false
                    },
                    "deposed": [],
                    "provider": "provider.aws"
                },
                "data.aws_region.default": {
                    "type": "aws_region",
                    "depends_on": [],
                    "primary": {
                        "id": "us-east-1",
                        "attributes": {
                            "current": "true",
                            "endpoint": "ec2.us-east-1.amazonaws.com",
                            "id": "us-east-1",
                            "name": "us-east-1"
                        },
                        "meta": {},
                        "tainted": false
                    },
                    "deposed": [],
                    "provider": "provider.aws"
                },
                "data.aws_route53_zone.poswallet": {
                    "type": "aws_route53_zone",
                    "depends_on": [],
                    "primary": {
                        "id": "Z2B39L7VOF4NV6",
                        "attributes": {
                            "caller_reference": "AA911A30-82F7-32D3-9884-E04021A7811F",
                            "comment": "",
                            "id": "Z2B39L7VOF4NV6",
                            "name": "poswallet.io.",
                            "private_zone": "false",
                            "resource_record_set_count": "6",
                            "zone_id": "Z2B39L7VOF4NV6"
                        },
                        "meta": {},
                        "tainted": false
                    },
                    "deposed": [],
                    "provider": "provider.aws"
                }
            },
            "depends_on": []
        },
        {
            "path": [
                "root",
                "dynamic_subnets"
            ],
            "outputs": {
                "private_route_table_ids": {
                    "sensitive": false,
                    "type": "list",
                    "value": [
                        "rtb-d4359da8",
                        "rtb-d63e96aa",
                        "rtb-4c02aa30"
                    ]
                },
                "private_subnet_ids": {
                    "sensitive": false,
                    "type": "list",
                    "value": [
                        "subnet-4a5e7465",
                        "subnet-08bc4042",
                        "subnet-a4240cf9"
                    ]
                },
                "public_route_table_ids": {
                    "sensitive": false,
                    "type": "list",
                    "value": [
                        "rtb-98329ae4"
                    ]
                },
                "public_subnet_ids": {
                    "sensitive": false,
                    "type": "list",
                    "value": [
                        "subnet-8c5c76a3",
                        "subnet-5abd4110",
                        "subnet-5f230b02"
                    ]
                }
            },
            "resources": {
                "aws_eip.default.0": {
                    "type": "aws_eip",
                    "depends_on": [
                        "local.nat_gateways_count"
                    ],
                    "primary": {
                        "id": "eipalloc-abbe1ea2",
                        "attributes": {
                            "association_id": "eipassoc-404c43f9",
                            "domain": "vpc",
                            "id": "eipalloc-abbe1ea2",
                            "instance": "",
                            "network_interface": "eni-85e4bc4a",
                            "private_ip": "10.0.98.71",
                            "public_ip": "52.44.155.87",
                            "tags.%": "0",
                            "vpc": "true"
                        },
                        "meta": {},
                        "tainted": false
                    },
                    "deposed": [],
                    "provider": "provider.aws"
                },
                "aws_eip.default.1": {
                    "type": "aws_eip",
                    "depends_on": [
                        "local.nat_gateways_count"
                    ],
                    "primary": {
                        "id": "eipalloc-f9ba1af0",
                        "attributes": {
                            "association_id": "eipassoc-cda15817",
                            "domain": "vpc",
                            "id": "eipalloc-f9ba1af0",
                            "instance": "",
                            "network_interface": "eni-570cfde2",
                            "private_ip": "10.0.125.20",
                            "public_ip": "52.6.22.138",
                            "tags.%": "0",
                            "vpc": "true"
                        },
                        "meta": {},
                        "tainted": false
                    },
                    "deposed": [],
                    "provider": "provider.aws"
                },
                "aws_eip.default.2": {
                    "type": "aws_eip",
                    "depends_on": [
                        "local.nat_gateways_count"
                    ],
                    "primary": {
                        "id": "eipalloc-b078d8b9",
                        "attributes": {
                            "association_id": "eipassoc-d137d07a",
                            "domain": "vpc",
                            "id": "eipalloc-b078d8b9",
                            "instance": "",
                            "network_interface": "eni-6cc09fbd",
                            "private_ip": "10.0.135.215",
                            "public_ip": "35.174.125.108",
                            "tags.%": "0",
                            "vpc": "true"
                        },
                        "meta": {},
                        "tainted": false
                    },
                    "deposed": [],
                    "provider": "provider.aws"
                },
                "aws_nat_gateway.default.0": {
                    "type": "aws_nat_gateway",
                    "depends_on": [],
                    "primary": {
                        "id": "nat-05f2d4fcc457a8cb8",
                        "attributes": {
                            "allocation_id": "eipalloc-abbe1ea2",
                            "id": "nat-05f2d4fcc457a8cb8",
                            "network_interface_id": "eni-85e4bc4a",
                            "private_ip": "10.0.98.71",
                            "public_ip": "52.44.155.87",
                            "subnet_id": "subnet-8c5c76a3",
                            "tags.%": "0"
                        },
                        "meta": {},
                        "tainted": false
                    },
                    "deposed": [],
                    "provider": "provider.aws"
                },
                "aws_nat_gateway.default.1": {
                    "type": "aws_nat_gateway",
                    "depends_on": [],
                    "primary": {
                        "id": "nat-0a20f34bcf3a85ee3",
                        "attributes": {
                            "allocation_id": "eipalloc-f9ba1af0",
                            "id": "nat-0a20f34bcf3a85ee3",
                            "network_interface_id": "eni-570cfde2",
                            "private_ip": "10.0.125.20",
                            "public_ip": "52.6.22.138",
                            "subnet_id": "subnet-5abd4110",
                            "tags.%": "0"
                        },
                        "meta": {},
                        "tainted": false
                    },
                    "deposed": [],
                    "provider": "provider.aws"
                },
                "aws_nat_gateway.default.2": {
                    "type": "aws_nat_gateway",
                    "depends_on": [
                        "aws_eip.default.*",
                        "aws_subnet.public.*",
                        "local.nat_gateways_count"
                    ],
                    "primary": {
                        "id": "nat-09d32e025726bda30",
                        "attributes": {
                            "allocation_id": "eipalloc-b078d8b9",
                            "id": "nat-09d32e025726bda30",
                            "network_interface_id": "eni-6cc09fbd",
                            "private_ip": "10.0.135.215",
                            "public_ip": "35.174.125.108",
                            "subnet_id": "subnet-5f230b02",
                            "tags.%": "0"
                        },
                        "meta": {},
                        "tainted": false
                    },
                    "deposed": [],
                    "provider": "provider.aws"
                },
                "aws_network_acl.private": {
                    "type": "aws_network_acl",
                    "depends_on": [
                        "aws_subnet.private.*",
                        "module.private_label"
                    ],
                    "primary": {
                        "id": "acl-7ae9fd01",
                        "attributes": {
                            "egress.#": "1",
                            "egress.1401401844.action": "allow",
                            "egress.1401401844.cidr_block": "0.0.0.0/0",
                            "egress.1401401844.from_port": "0",
                            "egress.1401401844.icmp_code": "0",
                            "egress.1401401844.icmp_type": "0",
                            "egress.1401401844.ipv6_cidr_block": "",
                            "egress.1401401844.protocol": "-1",
                            "egress.1401401844.rule_no": "100",
                            "egress.1401401844.to_port": "0",
                            "id": "acl-7ae9fd01",
                            "ingress.#": "1",
                            "ingress.1401401844.action": "allow",
                            "ingress.1401401844.cidr_block": "0.0.0.0/0",
                            "ingress.1401401844.from_port": "0",
                            "ingress.1401401844.icmp_code": "0",
                            "ingress.1401401844.icmp_type": "0",
                            "ingress.1401401844.ipv6_cidr_block": "",
                            "ingress.1401401844.protocol": "-1",
                            "ingress.1401401844.rule_no": "100",
                            "ingress.1401401844.to_port": "0",
                            "subnet_ids.#": "3",
                            "subnet_ids.22935520": "subnet-08bc4042",
                            "subnet_ids.343894146": "subnet-4a5e7465",
                            "subnet_ids.655070208": "subnet-a4240cf9",
                            "tags.%": "3",
                            "tags.Name": "poswallet-default-poswallet-private",
                            "tags.Namespace": "poswallet",
                            "tags.Stage": "default",
                            "vpc_id": "vpc-a9b008d2"
                        },
                        "meta": {},
                        "tainted": false
                    },
                    "deposed": [],
                    "provider": "provider.aws"
                },
                "aws_network_acl.public": {
                    "type": "aws_network_acl",
                    "depends_on": [
                        "aws_subnet.public.*",
                        "module.public_label"
                    ],
                    "primary": {
                        "id": "acl-a7edf9dc",
                        "attributes": {
                            "egress.#": "1",
                            "egress.1401401844.action": "allow",
                            "egress.1401401844.cidr_block": "0.0.0.0/0",
                            "egress.1401401844.from_port": "0",
                            "egress.1401401844.icmp_code": "0",
                            "egress.1401401844.icmp_type": "0",
                            "egress.1401401844.ipv6_cidr_block": "",
                            "egress.1401401844.protocol": "-1",
                            "egress.1401401844.rule_no": "100",
                            "egress.1401401844.to_port": "0",
                            "id": "acl-a7edf9dc",
                            "ingress.#": "1",
                            "ingress.1401401844.action": "allow",
                            "ingress.1401401844.cidr_block": "0.0.0.0/0",
                            "ingress.1401401844.from_port": "0",
                            "ingress.1401401844.icmp_code": "0",
                            "ingress.1401401844.icmp_type": "0",
                            "ingress.1401401844.ipv6_cidr_block": "",
                            "ingress.1401401844.protocol": "-1",
                            "ingress.1401401844.rule_no": "100",
                            "ingress.1401401844.to_port": "0",
                            "subnet_ids.#": "3",
                            "subnet_ids.1142039436": "subnet-8c5c76a3",
                            "subnet_ids.2331772127": "subnet-5f230b02",
                            "subnet_ids.3748361902": "subnet-5abd4110",
                            "tags.%": "3",
                            "tags.Name": "poswallet-default-poswallet-public",
                            "tags.Namespace": "poswallet",
                            "tags.Stage": "default",
                            "vpc_id": "vpc-a9b008d2"
                        },
                        "meta": {},
                        "tainted": false
                    },
                    "deposed": [],
                    "provider": "provider.aws"
                },
                "aws_route.default.0": {
                    "type": "aws_route",
                    "depends_on": [
                        "aws_nat_gateway.default.*",
                        "aws_route_table.private",
                        "aws_route_table.private.*",
                        "local.nat_gateways_count"
                    ],
                    "primary": {
                        "id": "r-rtb-d4359da81080289494",
                        "attributes": {
                            "destination_cidr_block": "0.0.0.0/0",
                            "destination_prefix_list_id": "",
                            "egress_only_gateway_id": "",
                            "gateway_id": "",
                            "id": "r-rtb-d4359da81080289494",
                            "instance_id": "",
                            "instance_owner_id": "",
                            "nat_gateway_id": "nat-05f2d4fcc457a8cb8",
                            "network_interface_id": "",
                            "origin": "CreateRoute",
                            "route_table_id": "rtb-d4359da8",
                            "state": "active",
                            "vpc_peering_connection_id": ""
                        },
                        "meta": {
                            "e2bfb730-ecaa-11e6-8f88-34363bc7c4c0": {
                                "create": 120000000000,
                                "delete": 300000000000
                            }
                        },
                        "tainted": false
                    },
                    "deposed": [],
                    "provider": "provider.aws"
                },
                "aws_route.default.1": {
                    "type": "aws_route",
                    "depends_on": [
                        "aws_nat_gateway.default.*",
                        "aws_route_table.private",
                        "aws_route_table.private.*",
                        "local.nat_gateways_count"
                    ],
                    "primary": {
                        "id": "r-rtb-d63e96aa1080289494",
                        "attributes": {
                            "destination_cidr_block": "0.0.0.0/0",
                            "destination_prefix_list_id": "",
                            "egress_only_gateway_id": "",
                            "gateway_id": "",
                            "id": "r-rtb-d63e96aa1080289494",
                            "instance_id": "",
                            "instance_owner_id": "",
                            "nat_gateway_id": "nat-0a20f34bcf3a85ee3",
                            "network_interface_id": "",
                            "origin": "CreateRoute",
                            "route_table_id": "rtb-d63e96aa",
                            "state": "active",
                            "vpc_peering_connection_id": ""
                        },
                        "meta": {
                            "e2bfb730-ecaa-11e6-8f88-34363bc7c4c0": {
                                "create": 120000000000,
                                "delete": 300000000000
                            }
                        },
                        "tainted": false
                    },
                    "deposed": [],
                    "provider": "provider.aws"
                },
                "aws_route.default.2": {
                    "type": "aws_route",
                    "depends_on": [
                        "aws_nat_gateway.default.*",
                        "aws_route_table.private",
                        "aws_route_table.private.*",
                        "local.nat_gateways_count"
                    ],
                    "primary": {
                        "id": "r-rtb-4c02aa301080289494",
                        "attributes": {
                            "destination_cidr_block": "0.0.0.0/0",
                            "destination_prefix_list_id": "",
                            "egress_only_gateway_id": "",
                            "gateway_id": "",
                            "id": "r-rtb-4c02aa301080289494",
                            "instance_id": "",
                            "instance_owner_id": "",
                            "nat_gateway_id": "nat-09d32e025726bda30",
                            "network_interface_id": "",
                            "origin": "CreateRoute",
                            "route_table_id": "rtb-4c02aa30",
                            "state": "active",
                            "vpc_peering_connection_id": ""
                        },
                        "meta": {
                            "e2bfb730-ecaa-11e6-8f88-34363bc7c4c0": {
                                "create": 120000000000,
                                "delete": 300000000000
                            }
                        },
                        "tainted": false
                    },
                    "deposed": [],
                    "provider": "provider.aws"
                },
                "aws_route_table.private.0": {
                    "type": "aws_route_table",
                    "depends_on": [
                        "data.aws_vpc.default",
                        "module.private_label"
                    ],
                    "primary": {
                        "id": "rtb-d4359da8",
                        "attributes": {
                            "id": "rtb-d4359da8",
                            "propagating_vgws.#": "0",
                            "route.#": "1",
                            "route.853938368.cidr_block": "0.0.0.0/0",
                            "route.853938368.egress_only_gateway_id": "",
                            "route.853938368.gateway_id": "",
                            "route.853938368.instance_id": "",
                            "route.853938368.ipv6_cidr_block": "",
                            "route.853938368.nat_gateway_id": "nat-05f2d4fcc457a8cb8",
                            "route.853938368.network_interface_id": "",
                            "route.853938368.vpc_peering_connection_id": "",
                            "tags.%": "3",
                            "tags.Name": "poswallet-default-poswallet-private",
                            "tags.Namespace": "poswallet",
                            "tags.Stage": "default",
                            "vpc_id": "vpc-a9b008d2"
                        },
                        "meta": {},
                        "tainted": false
                    },
                    "deposed": [],
                    "provider": "provider.aws"
                },
                "aws_route_table.private.1": {
                    "type": "aws_route_table",
                    "depends_on": [
                        "data.aws_vpc.default",
                        "module.private_label"
                    ],
                    "primary": {
                        "id": "rtb-d63e96aa",
                        "attributes": {
                            "id": "rtb-d63e96aa",
                            "propagating_vgws.#": "0",
                            "route.#": "1",
                            "route.2104377354.cidr_block": "0.0.0.0/0",
                            "route.2104377354.egress_only_gateway_id": "",
                            "route.2104377354.gateway_id": "",
                            "route.2104377354.instance_id": "",
                            "route.2104377354.ipv6_cidr_block": "",
                            "route.2104377354.nat_gateway_id": "nat-0a20f34bcf3a85ee3",
                            "route.2104377354.network_interface_id": "",
                            "route.2104377354.vpc_peering_connection_id": "",
                            "tags.%": "3",
                            "tags.Name": "poswallet-default-poswallet-private",
                            "tags.Namespace": "poswallet",
                            "tags.Stage": "default",
                            "vpc_id": "vpc-a9b008d2"
                        },
                        "meta": {},
                        "tainted": false
                    },
                    "deposed": [],
                    "provider": "provider.aws"
                },
                "aws_route_table.private.2": {
                    "type": "aws_route_table",
                    "depends_on": [
                        "data.aws_vpc.default",
                        "module.private_label"
                    ],
                    "primary": {
                        "id": "rtb-4c02aa30",
                        "attributes": {
                            "id": "rtb-4c02aa30",
                            "propagating_vgws.#": "0",
                            "route.#": "1",
                            "route.2949918090.cidr_block": "0.0.0.0/0",
                            "route.2949918090.egress_only_gateway_id": "",
                            "route.2949918090.gateway_id": "",
                            "route.2949918090.instance_id": "",
                            "route.2949918090.ipv6_cidr_block": "",
                            "route.2949918090.nat_gateway_id": "nat-09d32e025726bda30",
                            "route.2949918090.network_interface_id": "",
                            "route.2949918090.vpc_peering_connection_id": "",
                            "tags.%": "3",
                            "tags.Name": "poswallet-default-poswallet-private",
                            "tags.Namespace": "poswallet",
                            "tags.Stage": "default",
                            "vpc_id": "vpc-a9b008d2"
                        },
                        "meta": {},
                        "tainted": false
                    },
                    "deposed": [],
                    "provider": "provider.aws"
                },
                "aws_route_table.public": {
                    "type": "aws_route_table",
                    "depends_on": [
                        "data.aws_vpc.default",
                        "module.public_label"
                    ],
                    "primary": {
                        "id": "rtb-98329ae4",
                        "attributes": {
                            "id": "rtb-98329ae4",
                            "propagating_vgws.#": "0",
                            "route.#": "1",
                            "route.2899443762.cidr_block": "0.0.0.0/0",
                            "route.2899443762.egress_only_gateway_id": "",
                            "route.2899443762.gateway_id": "igw-b8479bc0",
                            "route.2899443762.instance_id": "",
                            "route.2899443762.ipv6_cidr_block": "",
                            "route.2899443762.nat_gateway_id": "",
                            "route.2899443762.network_interface_id": "",
                            "route.2899443762.vpc_peering_connection_id": "",
                            "tags.%": "3",
                            "tags.Name": "poswallet-default-poswallet-public",
                            "tags.Namespace": "poswallet",
                            "tags.Stage": "default",
                            "vpc_id": "vpc-a9b008d2"
                        },
                        "meta": {},
                        "tainted": false
                    },
                    "deposed": [],
                    "provider": "provider.aws"
                },
                "aws_route_table_association.private.0": {
                    "type": "aws_route_table_association",
                    "depends_on": [
                        "aws_route_table.private.*",
                        "aws_subnet.private.*"
                    ],
                    "primary": {
                        "id": "rtbassoc-fc918080",
                        "attributes": {
                            "id": "rtbassoc-fc918080",
                            "route_table_id": "rtb-d4359da8",
                            "subnet_id": "subnet-4a5e7465"
                        },
                        "meta": {},
                        "tainted": false
                    },
                    "deposed": [],
                    "provider": "provider.aws"
                },
                "aws_route_table_association.private.1": {
                    "type": "aws_route_table_association",
                    "depends_on": [
                        "aws_route_table.private.*",
                        "aws_subnet.private.*"
                    ],
                    "primary": {
                        "id": "rtbassoc-1be0f167",
                        "attributes": {
                            "id": "rtbassoc-1be0f167",
                            "route_table_id": "rtb-d63e96aa",
                            "subnet_id": "subnet-08bc4042"
                        },
                        "meta": {},
                        "tainted": false
                    },
                    "deposed": [],
                    "provider": "provider.aws"
                },
                "aws_route_table_association.private.2": {
                    "type": "aws_route_table_association",
                    "depends_on": [
                        "aws_route_table.private.*",
                        "aws_subnet.private.*"
                    ],
                    "primary": {
                        "id": "rtbassoc-1ae0f166",
                        "attributes": {
                            "id": "rtbassoc-1ae0f166",
                            "route_table_id": "rtb-4c02aa30",
                            "subnet_id": "subnet-a4240cf9"
                        },
                        "meta": {},
                        "tainted": false
                    },
                    "deposed": [],
                    "provider": "provider.aws"
                },
                "aws_route_table_association.public.0": {
                    "type": "aws_route_table_association",
                    "depends_on": [
                        "aws_route_table.public",
                        "aws_subnet.public.*"
                    ],
                    "primary": {
                        "id": "rtbassoc-e9e3f295",
                        "attributes": {
                            "id": "rtbassoc-e9e3f295",
                            "route_table_id": "rtb-98329ae4",
                            "subnet_id": "subnet-8c5c76a3"
                        },
                        "meta": {},
                        "tainted": false
                    },
                    "deposed": [],
                    "provider": "provider.aws"
                },
                "aws_route_table_association.public.1": {
                    "type": "aws_route_table_association",
                    "depends_on": [
                        "aws_route_table.public",
                        "aws_subnet.public.*"
                    ],
                    "primary": {
                        "id": "rtbassoc-5e918022",
                        "attributes": {
                            "id": "rtbassoc-5e918022",
                            "route_table_id": "rtb-98329ae4",
                            "subnet_id": "subnet-5abd4110"
                        },
                        "meta": {},
                        "tainted": false
                    },
                    "deposed": [],
                    "provider": "provider.aws"
                },
                "aws_route_table_association.public.2": {
                    "type": "aws_route_table_association",
                    "depends_on": [
                        "aws_route_table.public",
                        "aws_subnet.public.*"
                    ],
                    "primary": {
                        "id": "rtbassoc-14ecfd68",
                        "attributes": {
                            "id": "rtbassoc-14ecfd68",
                            "route_table_id": "rtb-98329ae4",
                            "subnet_id": "subnet-5f230b02"
                        },
                        "meta": {},
                        "tainted": false
                    },
                    "deposed": [],
                    "provider": "provider.aws"
                },
                "aws_subnet.private.0": {
                    "type": "aws_subnet",
                    "depends_on": [
                        "data.aws_availability_zones.available",
                        "data.aws_vpc.default",
                        "module.private_subnet_label"
                    ],
                    "primary": {
                        "id": "subnet-4a5e7465",
                        "attributes": {
                            "assign_ipv6_address_on_creation": "false",
                            "availability_zone": "us-east-1a",
                            "cidr_block": "10.0.0.0/20",
                            "id": "subnet-4a5e7465",
                            "map_public_ip_on_launch": "false",
                            "tags.%": "3",
                            "tags.Name": "poswallet-default-private-us-east-1a",
                            "tags.Namespace": "poswallet",
                            "tags.Stage": "default",
                            "vpc_id": "vpc-a9b008d2"
                        },
                        "meta": {
                            "schema_version": "1"
                        },
                        "tainted": false
                    },
                    "deposed": [],
                    "provider": "provider.aws"
                },
                "aws_subnet.private.1": {
                    "type": "aws_subnet",
                    "depends_on": [
                        "data.aws_availability_zones.available",
                        "data.aws_vpc.default",
                        "module.private_subnet_label"
                    ],
                    "primary": {
                        "id": "subnet-08bc4042",
                        "attributes": {
                            "assign_ipv6_address_on_creation": "false",
                            "availability_zone": "us-east-1b",
                            "cidr_block": "10.0.16.0/20",
                            "id": "subnet-08bc4042",
                            "map_public_ip_on_launch": "false",
                            "tags.%": "3",
                            "tags.Name": "poswallet-default-private-us-east-1b",
                            "tags.Namespace": "poswallet",
                            "tags.Stage": "default",
                            "vpc_id": "vpc-a9b008d2"
                        },
                        "meta": {
                            "schema_version": "1"
                        },
                        "tainted": false
                    },
                    "deposed": [],
                    "provider": "provider.aws"
                },
                "aws_subnet.private.2": {
                    "type": "aws_subnet",
                    "depends_on": [
                        "data.aws_availability_zones.available",
                        "data.aws_vpc.default",
                        "module.private_subnet_label"
                    ],
                    "primary": {
                        "id": "subnet-a4240cf9",
                        "attributes": {
                            "assign_ipv6_address_on_creation": "false",
                            "availability_zone": "us-east-1c",
                            "cidr_block": "10.0.32.0/20",
                            "id": "subnet-a4240cf9",
                            "map_public_ip_on_launch": "false",
                            "tags.%": "3",
                            "tags.Name": "poswallet-default-private-us-east-1c",
                            "tags.Namespace": "poswallet",
                            "tags.Stage": "default",
                            "vpc_id": "vpc-a9b008d2"
                        },
                        "meta": {
                            "schema_version": "1"
                        },
                        "tainted": false
                    },
                    "deposed": [],
                    "provider": "provider.aws"
                },
                "aws_subnet.public.0": {
                    "type": "aws_subnet",
                    "depends_on": [
                        "data.aws_availability_zones.available",
                        "data.aws_vpc.default",
                        "module.public_subnet_label"
                    ],
                    "primary": {
                        "id": "subnet-8c5c76a3",
                        "attributes": {
                            "assign_ipv6_address_on_creation": "false",
                            "availability_zone": "us-east-1a",
                            "cidr_block": "10.0.96.0/20",
                            "id": "subnet-8c5c76a3",
                            "map_public_ip_on_launch": "false",
                            "tags.%": "3",
                            "tags.Name": "poswallet-default-public-us-east-1a",
                            "tags.Namespace": "poswallet",
                            "tags.Stage": "default",
                            "vpc_id": "vpc-a9b008d2"
                        },
                        "meta": {
                            "schema_version": "1"
                        },
                        "tainted": false
                    },
                    "deposed": [],
                    "provider": "provider.aws"
                },
                "aws_subnet.public.1": {
                    "type": "aws_subnet",
                    "depends_on": [
                        "data.aws_availability_zones.available",
                        "data.aws_vpc.default",
                        "module.public_subnet_label"
                    ],
                    "primary": {
                        "id": "subnet-5abd4110",
                        "attributes": {
                            "assign_ipv6_address_on_creation": "false",
                            "availability_zone": "us-east-1b",
                            "cidr_block": "10.0.112.0/20",
                            "id": "subnet-5abd4110",
                            "map_public_ip_on_launch": "false",
                            "tags.%": "3",
                            "tags.Name": "poswallet-default-public-us-east-1b",
                            "tags.Namespace": "poswallet",
                            "tags.Stage": "default",
                            "vpc_id": "vpc-a9b008d2"
                        },
                        "meta": {
                            "schema_version": "1"
                        },
                        "tainted": false
                    },
                    "deposed": [],
                    "provider": "provider.aws"
                },
                "aws_subnet.public.2": {
                    "type": "aws_subnet",
                    "depends_on": [
                        "data.aws_availability_zones.available",
                        "data.aws_vpc.default",
                        "module.public_subnet_label"
                    ],
                    "primary": {
                        "id": "subnet-5f230b02",
                        "attributes": {
                            "assign_ipv6_address_on_creation": "false",
                            "availability_zone": "us-east-1c",
                            "cidr_block": "10.0.128.0/20",
                            "id": "subnet-5f230b02",
                            "map_public_ip_on_launch": "false",
                            "tags.%": "3",
                            "tags.Name": "poswallet-default-public-us-east-1c",
                            "tags.Namespace": "poswallet",
                            "tags.Stage": "default",
                            "vpc_id": "vpc-a9b008d2"
                        },
                        "meta": {
                            "schema_version": "1"
                        },
                        "tainted": false
                    },
                    "deposed": [],
                    "provider": "provider.aws"
                },
                "data.aws_availability_zones.available": {
                    "type": "aws_availability_zones",
                    "depends_on": [],
                    "primary": {
                        "id": "2018-03-15 09:45:23.928905 +0000 UTC",
                        "attributes": {
                            "id": "2018-03-15 09:45:23.928905 +0000 UTC",
                            "names.#": "6",
                            "names.0": "us-east-1a",
                            "names.1": "us-east-1b",
                            "names.2": "us-east-1c",
                            "names.3": "us-east-1d",
                            "names.4": "us-east-1e",
                            "names.5": "us-east-1f"
                        },
                        "meta": {},
                        "tainted": false
                    },
                    "deposed": [],
                    "provider": "provider.aws"
                },
                "data.aws_vpc.default": {
                    "type": "aws_vpc",
                    "depends_on": [],
                    "primary": {
                        "id": "vpc-a9b008d2",
                        "attributes": {
                            "cidr_block": "10.0.0.0/16",
                            "default": "false",
                            "dhcp_options_id": "dopt-d1abd0a9",
                            "enable_dns_hostnames": "true",
                            "enable_dns_support": "true",
                            "id": "vpc-a9b008d2",
                            "instance_tenancy": "default",
                            "ipv6_association_id": "vpc-cidr-assoc-7716911a",
                            "ipv6_cidr_block": "2600:1f18:4489:8e00::/56",
                            "state": "available",
                            "tags.%": "3",
                            "tags.Name": "poswallet-default-poswallet",
                            "tags.Namespace": "poswallet",
                            "tags.Stage": "default"
                        },
                        "meta": {},
                        "tainted": false
                    },
                    "deposed": [],
                    "provider": "provider.aws"
                }
            },
            "depends_on": []
        },
        {
            "path": [
                "root",
                "keycloak_label"
            ],
            "outputs": {
                "attributes": {
                    "sensitive": false,
                    "type": "string",
                    "value": ""
                },
                "id": {
                    "sensitive": false,
                    "type": "string",
                    "value": "poswallet-poswallet-keycloak-poswallet"
                },
                "name": {
                    "sensitive": false,
                    "type": "string",
                    "value": "poswallet"
                },
                "namespace": {
                    "sensitive": false,
                    "type": "string",
                    "value": "poswallet"
                },
                "stage": {
                    "sensitive": false,
                    "type": "string",
                    "value": "poswallet-keycloak"
                },
                "tags": {
                    "sensitive": false,
                    "type": "map",
                    "value": {
                        "Name": "poswallet-poswallet-keycloak-poswallet",
                        "Namespace": "poswallet",
                        "Stage": "poswallet-keycloak",
                        "keycloak": "poswallet"
                    }
                }
            },
            "resources": {
                "null_resource.default": {
                    "type": "null_resource",
                    "depends_on": [],
                    "primary": {
                        "id": "7842091138392392890",
                        "attributes": {
                            "id": "7842091138392392890",
                            "triggers.%": "5",
                            "triggers.attributes": "",
                            "triggers.id": "poswallet-poswallet-keycloak-poswallet",
                            "triggers.name": "poswallet",
                            "triggers.namespace": "poswallet",
                            "triggers.stage": "poswallet-keycloak"
                        },
                        "meta": {},
                        "tainted": false
                    },
                    "deposed": [],
                    "provider": "provider.null"
                }
            },
            "depends_on": []
        },
        {
            "path": [
                "root",
                "keycloak_tld"
            ],
            "outputs": {
                "hostname": {
                    "sensitive": false,
                    "type": "string",
                    "value": "poswallet-keycloak.poswallet.io"
                }
            },
            "resources": {
                "aws_route53_record.default": {
                    "type": "aws_route53_record",
                    "depends_on": [],
                    "primary": {
                        "id": "Z2B39L7VOF4NV6_poswallet-keycloak_CNAME",
                        "attributes": {
                            "allow_overwrite": "true",
                            "fqdn": "poswallet-keycloak.poswallet.io",
                            "health_check_id": "",
                            "id": "Z2B39L7VOF4NV6_poswallet-keycloak_CNAME",
                            "name": "poswallet-keycloak",
                            "records.#": "1",
                            "records.668085073": "poswallet-poswallet-keycloak-poswallet.83ttixjmtr.us-east-1.elasticbeanstalk.com",
                            "set_identifier": "",
                            "ttl": "300",
                            "type": "CNAME",
                            "zone_id": "Z2B39L7VOF4NV6"
                        },
                        "meta": {
                            "schema_version": "2"
                        },
                        "tainted": false
                    },
                    "deposed": [],
                    "provider": "provider.aws"
                }
            },
            "depends_on": []
        },
        {
            "path": [
                "root",
                "label"
            ],
            "outputs": {
                "attributes": {
                    "sensitive": false,
                    "type": "string",
                    "value": ""
                },
                "id": {
                    "sensitive": false,
                    "type": "string",
                    "value": "poswallet-default-poswallet"
                },
                "name": {
                    "sensitive": false,
                    "type": "string",
                    "value": "poswallet"
                },
                "namespace": {
                    "sensitive": false,
                    "type": "string",
                    "value": "poswallet"
                },
                "stage": {
                    "sensitive": false,
                    "type": "string",
                    "value": "default"
                },
                "tags": {
                    "sensitive": false,
                    "type": "map",
                    "value": {
                        "Name": "poswallet-default-poswallet",
                        "Namespace": "poswallet",
                        "Stage": "default",
                        "app": "poswallet"
                    }
                }
            },
            "resources": {
                "null_resource.default": {
                    "type": "null_resource",
                    "depends_on": [],
                    "primary": {
                        "id": "5423885012583274",
                        "attributes": {
                            "id": "5423885012583274",
                            "triggers.%": "5",
                            "triggers.attributes": "",
                            "triggers.id": "poswallet-default-poswallet",
                            "triggers.name": "poswallet",
                            "triggers.namespace": "poswallet",
                            "triggers.stage": "default"
                        },
                        "meta": {},
                        "tainted": false
                    },
                    "deposed": [],
                    "provider": "provider.null"
                }
            },
            "depends_on": []
        },
        {
            "path": [
                "root",
                "rds_cluster_aurora"
            ],
            "outputs": {
                "cluster_name": {
                    "sensitive": false,
                    "type": "string",
                    "value": "poswallet-default-poswallet"
                },
                "master_host": {
                    "sensitive": false,
                    "type": "string",
                    "value": "master.poswallet.poswallet.io"
                },
                "name": {
                    "sensitive": false,
                    "type": "string",
                    "value": "poswallet"
                },
                "password": {
                    "sensitive": false,
                    "type": "string",
                    "value": "poswebwallet"
                },
                "replicas_host": {
                    "sensitive": false,
                    "type": "string",
                    "value": "replicas.poswallet.poswallet.io"
                },
                "user": {
                    "sensitive": false,
                    "type": "string",
                    "value": "devteam"
                }
            },
            "resources": {
                "aws_db_subnet_group.default": {
                    "type": "aws_db_subnet_group",
                    "depends_on": [
                        "module.label"
                    ],
                    "primary": {
                        "id": "poswallet-default-poswallet",
                        "attributes": {
                            "arn": "arn:aws:rds:us-east-1:343026901112:subgrp:poswallet-default-poswallet",
                            "description": "Allowed subnets for DB cluster instances",
                            "id": "poswallet-default-poswallet",
                            "name": "poswallet-default-poswallet",
                            "subnet_ids.#": "3",
                            "subnet_ids.22935520": "subnet-08bc4042",
                            "subnet_ids.343894146": "subnet-4a5e7465",
                            "subnet_ids.655070208": "subnet-a4240cf9",
                            "tags.%": "3",
                            "tags.Name": "poswallet-default-poswallet",
                            "tags.Namespace": "poswallet",
                            "tags.Stage": "default"
                        },
                        "meta": {},
                        "tainted": false
                    },
                    "deposed": [],
                    "provider": "provider.aws"
                },
                "aws_rds_cluster.default": {
                    "type": "aws_rds_cluster",
                    "depends_on": [
                        "aws_db_subnet_group.default",
                        "aws_rds_cluster_parameter_group.default",
                        "aws_security_group.default",
                        "module.label"
                    ],
                    "primary": {
                        "id": "poswallet-default-poswallet",
                        "attributes": {
                            "apply_immediately": "true",
                            "availability_zones.#": "3",
                            "availability_zones.1305112097": "us-east-1b",
                            "availability_zones.3569565595": "us-east-1a",
                            "availability_zones.986537655": "us-east-1c",
                            "backup_retention_period": "5",
                            "cluster_identifier": "poswallet-default-poswallet",
                            "cluster_members.#": "1",
                            "cluster_members.3701797528": "poswallet-default-poswallet-1",
                            "cluster_resource_id": "cluster-XKSUXOTZR6PODL7XSTX36FZVP4",
                            "database_name": "poswallet",
                            "db_cluster_parameter_group_name": "poswallet-default-poswallet",
                            "db_subnet_group_name": "poswallet-default-poswallet",
                            "endpoint": "poswallet-default-poswallet.cluster-c9l5kknpkqms.us-east-1.rds.amazonaws.com",
                            "engine": "aurora-postgresql",
                            "engine_version": "9.6.3",
                            "final_snapshot_identifier": "poswallet-default-poswallet",
                            "hosted_zone_id": "Z2R2ITUGPM61AM",
                            "iam_database_authentication_enabled": "false",
                            "iam_roles.#": "0",
                            "id": "poswallet-default-poswallet",
                            "kms_key_id": "",
                            "master_password": "poswebwallet",
                            "master_username": "devteam",
                            "port": "5432",
                            "preferred_backup_window": "07:00-09:00",
                            "preferred_maintenance_window": "wed:03:00-wed:04:00",
                            "reader_endpoint": "poswallet-default-poswallet.cluster-ro-c9l5kknpkqms.us-east-1.rds.amazonaws.com",
                            "replication_source_identifier": "",
                            "skip_final_snapshot": "true",
                            "storage_encrypted": "false",
                            "tags.%": "3",
                            "tags.Name": "poswallet-default-poswallet",
                            "tags.Namespace": "poswallet",
                            "tags.Stage": "default",
                            "vpc_security_group_ids.#": "1",
                            "vpc_security_group_ids.3244547163": "sg-bb1c84cd"
                        },
                        "meta": {
                            "e2bfb730-ecaa-11e6-8f88-34363bc7c4c0": {
                                "create": 7200000000000,
                                "delete": 7200000000000,
                                "update": 7200000000000
                            }
                        },
                        "tainted": false
                    },
                    "deposed": [],
                    "provider": "provider.aws"
                },
                "aws_rds_cluster_instance.default": {
                    "type": "aws_rds_cluster_instance",
                    "depends_on": [
                        "aws_db_subnet_group.default",
                        "aws_rds_cluster.default",
                        "module.label"
                    ],
                    "primary": {
                        "id": "poswallet-default-poswallet-1",
                        "attributes": {
                            "auto_minor_version_upgrade": "true",
                            "availability_zone": "us-east-1a",
                            "cluster_identifier": "poswallet-default-poswallet",
                            "db_parameter_group_name": "default.aurora-postgresql9.6",
                            "db_subnet_group_name": "poswallet-default-poswallet",
                            "dbi_resource_id": "db-WUDE2UNJBG7RY4GLDQ4RVHHI7Y",
                            "endpoint": "poswallet-default-poswallet-1.c9l5kknpkqms.us-east-1.rds.amazonaws.com",
                            "engine": "aurora-postgresql",
                            "engine_version": "9.6.3",
                            "id": "poswallet-default-poswallet-1",
                            "identifier": "poswallet-default-poswallet-1",
                            "instance_class": "db.r4.large",
                            "kms_key_id": "",
                            "monitoring_interval": "0",
                            "performance_insights_enabled": "false",
                            "performance_insights_kms_key_id": "",
                            "port": "5432",
                            "preferred_backup_window": "07:00-09:00",
                            "preferred_maintenance_window": "wed:09:44-wed:10:14",
                            "promotion_tier": "0",
                            "publicly_accessible": "false",
                            "storage_encrypted": "false",
                            "tags.%": "3",
                            "tags.Name": "poswallet-default-poswallet",
                            "tags.Namespace": "poswallet",
                            "tags.Stage": "default",
                            "writer": "true"
                        },
                        "meta": {
                            "e2bfb730-ecaa-11e6-8f88-34363bc7c4c0": {
                                "create": 5400000000000,
                                "delete": 5400000000000,
                                "update": 5400000000000
                            }
                        },
                        "tainted": false
                    },
                    "deposed": [],
                    "provider": "provider.aws"
                },
                "aws_rds_cluster_parameter_group.default": {
                    "type": "aws_rds_cluster_parameter_group",
                    "depends_on": [
                        "module.label"
                    ],
                    "primary": {
                        "id": "poswallet-default-poswallet",
                        "attributes": {
                            "arn": "arn:aws:rds:us-east-1:343026901112:cluster-pg:poswallet-default-poswallet",
                            "description": "DB cluster parameter group",
                            "family": "aurora-postgresql9.6",
                            "id": "poswallet-default-poswallet",
                            "name": "poswallet-default-poswallet",
                            "parameter.#": "0",
                            "tags.%": "3",
                            "tags.Name": "poswallet-default-poswallet",
                            "tags.Namespace": "poswallet",
                            "tags.Stage": "default"
                        },
                        "meta": {},
                        "tainted": false
                    },
                    "deposed": [],
                    "provider": "provider.aws"
                },
                "aws_security_group.default": {
                    "type": "aws_security_group",
                    "depends_on": [
                        "module.label"
                    ],
                    "primary": {
                        "id": "sg-bb1c84cd",
                        "attributes": {
                            "description": "Allow all inbound traffic from the security groups",
                            "egress.#": "1",
                            "egress.482069346.cidr_blocks.#": "1",
                            "egress.482069346.cidr_blocks.0": "0.0.0.0/0",
                            "egress.482069346.description": "",
                            "egress.482069346.from_port": "0",
                            "egress.482069346.ipv6_cidr_blocks.#": "0",
                            "egress.482069346.prefix_list_ids.#": "0",
                            "egress.482069346.protocol": "-1",
                            "egress.482069346.security_groups.#": "0",
                            "egress.482069346.self": "false",
                            "egress.482069346.to_port": "0",
                            "id": "sg-bb1c84cd",
                            "ingress.#": "2",
                            "ingress.2586831253.cidr_blocks.#": "0",
                            "ingress.2586831253.description": "",
                            "ingress.2586831253.from_port": "3306",
                            "ingress.2586831253.ipv6_cidr_blocks.#": "0",
                            "ingress.2586831253.protocol": "tcp",
                            "ingress.2586831253.security_groups.#": "1",
                            "ingress.2586831253.security_groups.2404866354": "sg-19168e6f",
                            "ingress.2586831253.self": "false",
                            "ingress.2586831253.to_port": "3306",
                            "ingress.471043921.cidr_blocks.#": "0",
                            "ingress.471043921.description": "",
                            "ingress.471043921.from_port": "3306",
                            "ingress.471043921.ipv6_cidr_blocks.#": "0",
                            "ingress.471043921.protocol": "tcp",
                            "ingress.471043921.security_groups.#": "0",
                            "ingress.471043921.self": "false",
                            "ingress.471043921.to_port": "3306",
                            "name": "poswallet-default-poswallet",
                            "owner_id": "343026901112",
                            "revoke_rules_on_delete": "false",
                            "tags.%": "3",
                            "tags.Name": "poswallet-default-poswallet",
                            "tags.Namespace": "poswallet",
                            "tags.Stage": "default",
                            "vpc_id": "vpc-a9b008d2"
                        },
                        "meta": {
                            "e2bfb730-ecaa-11e6-8f88-34363bc7c4c0": {
                                "create": 600000000000,
                                "delete": 600000000000
                            },
                            "schema_version": "1"
                        },
                        "tainted": false
                    },
                    "deposed": [],
                    "provider": "provider.aws"
                }
            },
            "depends_on": []
        },
        {
            "path": [
                "root",
                "tld"
            ],
            "outputs": {
                "hostname": {
                    "sensitive": false,
                    "type": "string",
                    "value": "poswallet.poswallet.io"
                }
            },
            "resources": {
                "aws_route53_record.default": {
                    "type": "aws_route53_record",
                    "depends_on": [],
                    "primary": {
                        "id": "Z2B39L7VOF4NV6_poswallet_CNAME",
                        "attributes": {
                            "allow_overwrite": "true",
                            "fqdn": "poswallet.poswallet.io",
                            "health_check_id": "",
                            "id": "Z2B39L7VOF4NV6_poswallet_CNAME",
                            "name": "poswallet",
                            "records.#": "1",
                            "records.2913576404": "poswallet-default-poswallet.hpi7yftnrp.us-east-1.elasticbeanstalk.com",
                            "set_identifier": "",
                            "ttl": "300",
                            "type": "CNAME",
                            "zone_id": "Z2B39L7VOF4NV6"
                        },
                        "meta": {
                            "schema_version": "2"
                        },
                        "tainted": false
                    },
                    "deposed": [],
                    "provider": "provider.aws"
                }
            },
            "depends_on": []
        },
        {
            "path": [
                "root",
                "vpc"
            ],
            "outputs": {
                "igw_id": {
                    "sensitive": false,
                    "type": "string",
                    "value": "igw-b8479bc0"
                },
                "ipv6_cidr_block": {
                    "sensitive": false,
                    "type": "string",
                    "value": "2600:1f18:4489:8e00::/56"
                },
                "vpc_cidr_block": {
                    "sensitive": false,
                    "type": "string",
                    "value": "10.0.0.0/16"
                },
                "vpc_default_network_acl_id": {
                    "sensitive": false,
                    "type": "string",
                    "value": "acl-0feffb74"
                },
                "vpc_default_route_table_id": {
                    "sensitive": false,
                    "type": "string",
                    "value": "rtb-9f3890e3"
                },
                "vpc_default_security_group_id": {
                    "sensitive": false,
                    "type": "string",
                    "value": "sg-19168e6f"
                },
                "vpc_id": {
                    "sensitive": false,
                    "type": "string",
                    "value": "vpc-a9b008d2"
                },
                "vpc_ipv6_association_id": {
                    "sensitive": false,
                    "type": "string",
                    "value": "vpc-cidr-assoc-7716911a"
                },
                "vpc_main_route_table_id": {
                    "sensitive": false,
                    "type": "string",
                    "value": "rtb-9f3890e3"
                }
            },
            "resources": {
                "aws_internet_gateway.default": {
                    "type": "aws_internet_gateway",
                    "depends_on": [
                        "aws_vpc.default",
                        "module.label"
                    ],
                    "primary": {
                        "id": "igw-b8479bc0",
                        "attributes": {
                            "id": "igw-b8479bc0",
                            "tags.%": "3",
                            "tags.Name": "poswallet-default-poswallet",
                            "tags.Namespace": "poswallet",
                            "tags.Stage": "default",
                            "vpc_id": "vpc-a9b008d2"
                        },
                        "meta": {},
                        "tainted": false
                    },
                    "deposed": [],
                    "provider": "provider.aws"
                },
                "aws_vpc.default": {
                    "type": "aws_vpc",
                    "depends_on": [
                        "module.label"
                    ],
                    "primary": {
                        "id": "vpc-a9b008d2",
                        "attributes": {
                            "assign_generated_ipv6_cidr_block": "true",
                            "cidr_block": "10.0.0.0/16",
                            "default_network_acl_id": "acl-0feffb74",
                            "default_route_table_id": "rtb-9f3890e3",
                            "default_security_group_id": "sg-19168e6f",
                            "dhcp_options_id": "dopt-d1abd0a9",
                            "enable_classiclink": "false",
                            "enable_classiclink_dns_support": "false",
                            "enable_dns_hostnames": "true",
                            "enable_dns_support": "true",
                            "id": "vpc-a9b008d2",
                            "instance_tenancy": "default",
                            "ipv6_association_id": "vpc-cidr-assoc-7716911a",
                            "ipv6_cidr_block": "2600:1f18:4489:8e00::/56",
                            "main_route_table_id": "rtb-9f3890e3",
                            "tags.%": "3",
                            "tags.Name": "poswallet-default-poswallet",
                            "tags.Namespace": "poswallet",
                            "tags.Stage": "default"
                        },
                        "meta": {
                            "schema_version": "1"
                        },
                        "tainted": false
                    },
                    "deposed": [],
                    "provider": "provider.aws"
                }
            },
            "depends_on": []
        },
        {
            "path": [
                "root",
                "dynamic_subnets",
                "private_label"
            ],
            "outputs": {
                "attributes": {
                    "sensitive": false,
                    "type": "string",
                    "value": "private"
                },
                "id": {
                    "sensitive": false,
                    "type": "string",
                    "value": "poswallet-default-poswallet-private"
                },
                "name": {
                    "sensitive": false,
                    "type": "string",
                    "value": "poswallet"
                },
                "namespace": {
                    "sensitive": false,
                    "type": "string",
                    "value": "poswallet"
                },
                "stage": {
                    "sensitive": false,
                    "type": "string",
                    "value": "default"
                },
                "tags": {
                    "sensitive": false,
                    "type": "map",
                    "value": {
                        "Name": "poswallet-default-poswallet-private",
                        "Namespace": "poswallet",
                        "Stage": "default"
                    }
                }
            },
            "resources": {
                "null_resource.default": {
                    "type": "null_resource",
                    "depends_on": [],
                    "primary": {
                        "id": "8445394204104748586",
                        "attributes": {
                            "id": "8445394204104748586",
                            "triggers.%": "5",
                            "triggers.attributes": "private",
                            "triggers.id": "poswallet-default-poswallet-private",
                            "triggers.name": "poswallet",
                            "triggers.namespace": "poswallet",
                            "triggers.stage": "default"
                        },
                        "meta": {},
                        "tainted": false
                    },
                    "deposed": [],
                    "provider": "provider.null"
                }
            },
            "depends_on": []
        },
        {
            "path": [
                "root",
                "dynamic_subnets",
                "private_subnet_label"
            ],
            "outputs": {
                "attributes": {
                    "sensitive": false,
                    "type": "string",
                    "value": ""
                },
                "id": {
                    "sensitive": false,
                    "type": "string",
                    "value": "poswallet-default-private"
                },
                "name": {
                    "sensitive": false,
                    "type": "string",
                    "value": "private"
                },
                "namespace": {
                    "sensitive": false,
                    "type": "string",
                    "value": "poswallet"
                },
                "stage": {
                    "sensitive": false,
                    "type": "string",
                    "value": "default"
                },
                "tags": {
                    "sensitive": false,
                    "type": "map",
                    "value": {
                        "Name": "poswallet-default-private",
                        "Namespace": "poswallet",
                        "Stage": "default"
                    }
                }
            },
            "resources": {
                "null_resource.default": {
                    "type": "null_resource",
                    "depends_on": [],
                    "primary": {
                        "id": "5562960219743378857",
                        "attributes": {
                            "id": "5562960219743378857",
                            "triggers.%": "5",
                            "triggers.attributes": "",
                            "triggers.id": "poswallet-default-private",
                            "triggers.name": "private",
                            "triggers.namespace": "poswallet",
                            "triggers.stage": "default"
                        },
                        "meta": {},
                        "tainted": false
                    },
                    "deposed": [],
                    "provider": "provider.null"
                }
            },
            "depends_on": []
        },
        {
            "path": [
                "root",
                "dynamic_subnets",
                "public_label"
            ],
            "outputs": {
                "attributes": {
                    "sensitive": false,
                    "type": "string",
                    "value": "public"
                },
                "id": {
                    "sensitive": false,
                    "type": "string",
                    "value": "poswallet-default-poswallet-public"
                },
                "name": {
                    "sensitive": false,
                    "type": "string",
                    "value": "poswallet"
                },
                "namespace": {
                    "sensitive": false,
                    "type": "string",
                    "value": "poswallet"
                },
                "stage": {
                    "sensitive": false,
                    "type": "string",
                    "value": "default"
                },
                "tags": {
                    "sensitive": false,
                    "type": "map",
                    "value": {
                        "Name": "poswallet-default-poswallet-public",
                        "Namespace": "poswallet",
                        "Stage": "default"
                    }
                }
            },
            "resources": {
                "null_resource.default": {
                    "type": "null_resource",
                    "depends_on": [],
                    "primary": {
                        "id": "5316480394421939579",
                        "attributes": {
                            "id": "5316480394421939579",
                            "triggers.%": "5",
                            "triggers.attributes": "public",
                            "triggers.id": "poswallet-default-poswallet-public",
                            "triggers.name": "poswallet",
                            "triggers.namespace": "poswallet",
                            "triggers.stage": "default"
                        },
                        "meta": {},
                        "tainted": false
                    },
                    "deposed": [],
                    "provider": "provider.null"
                }
            },
            "depends_on": []
        },
        {
            "path": [
                "root",
                "dynamic_subnets",
                "public_subnet_label"
            ],
            "outputs": {
                "attributes": {
                    "sensitive": false,
                    "type": "string",
                    "value": ""
                },
                "id": {
                    "sensitive": false,
                    "type": "string",
                    "value": "poswallet-default-public"
                },
                "name": {
                    "sensitive": false,
                    "type": "string",
                    "value": "public"
                },
                "namespace": {
                    "sensitive": false,
                    "type": "string",
                    "value": "poswallet"
                },
                "stage": {
                    "sensitive": false,
                    "type": "string",
                    "value": "default"
                },
                "tags": {
                    "sensitive": false,
                    "type": "map",
                    "value": {
                        "Name": "poswallet-default-public",
                        "Namespace": "poswallet",
                        "Stage": "default"
                    }
                }
            },
            "resources": {
                "null_resource.default": {
                    "type": "null_resource",
                    "depends_on": [],
                    "primary": {
                        "id": "1582445561904826551",
                        "attributes": {
                            "id": "1582445561904826551",
                            "triggers.%": "5",
                            "triggers.attributes": "",
                            "triggers.id": "poswallet-default-public",
                            "triggers.name": "public",
                            "triggers.namespace": "poswallet",
                            "triggers.stage": "default"
                        },
                        "meta": {},
                        "tainted": false
                    },
                    "deposed": [],
                    "provider": "provider.null"
                }
            },
            "depends_on": []
        },
        {
            "path": [
                "root",
                "rds_cluster_aurora",
                "dns_master"
            ],
            "outputs": {
                "hostname": {
                    "sensitive": false,
                    "type": "string",
                    "value": "master.poswallet.poswallet.io"
                }
            },
            "resources": {
                "aws_route53_record.default": {
                    "type": "aws_route53_record",
                    "depends_on": [],
                    "primary": {
                        "id": "Z2B39L7VOF4NV6_master.poswallet_CNAME",
                        "attributes": {
                            "allow_overwrite": "true",
                            "fqdn": "master.poswallet.poswallet.io",
                            "health_check_id": "",
                            "id": "Z2B39L7VOF4NV6_master.poswallet_CNAME",
                            "name": "master.poswallet",
                            "records.#": "1",
                            "records.3505163694": "poswallet-default-poswallet.cluster-c9l5kknpkqms.us-east-1.rds.amazonaws.com",
                            "set_identifier": "",
                            "ttl": "300",
                            "type": "CNAME",
                            "zone_id": "Z2B39L7VOF4NV6"
                        },
                        "meta": {
                            "schema_version": "2"
                        },
                        "tainted": false
                    },
                    "deposed": [],
                    "provider": "provider.aws"
                }
            },
            "depends_on": []
        },
        {
            "path": [
                "root",
                "rds_cluster_aurora",
                "dns_replicas"
            ],
            "outputs": {
                "hostname": {
                    "sensitive": false,
                    "type": "string",
                    "value": "replicas.poswallet.poswallet.io"
                }
            },
            "resources": {
                "aws_route53_record.default": {
                    "type": "aws_route53_record",
                    "depends_on": [],
                    "primary": {
                        "id": "Z2B39L7VOF4NV6_replicas.poswallet_CNAME",
                        "attributes": {
                            "allow_overwrite": "true",
                            "fqdn": "replicas.poswallet.poswallet.io",
                            "health_check_id": "",
                            "id": "Z2B39L7VOF4NV6_replicas.poswallet_CNAME",
                            "name": "replicas.poswallet",
                            "records.#": "1",
                            "records.435346491": "poswallet-default-poswallet.cluster-ro-c9l5kknpkqms.us-east-1.rds.amazonaws.com",
                            "set_identifier": "",
                            "ttl": "300",
                            "type": "CNAME",
                            "zone_id": "Z2B39L7VOF4NV6"
                        },
                        "meta": {
                            "schema_version": "2"
                        },
                        "tainted": false
                    },
                    "deposed": [],
                    "provider": "provider.aws"
                }
            },
            "depends_on": []
        },
        {
            "path": [
                "root",
                "rds_cluster_aurora",
                "label"
            ],
            "outputs": {
                "attributes": {
                    "sensitive": false,
                    "type": "string",
                    "value": ""
                },
                "id": {
                    "sensitive": false,
                    "type": "string",
                    "value": "poswallet-default-poswallet"
                },
                "name": {
                    "sensitive": false,
                    "type": "string",
                    "value": "poswallet"
                },
                "namespace": {
                    "sensitive": false,
                    "type": "string",
                    "value": "poswallet"
                },
                "stage": {
                    "sensitive": false,
                    "type": "string",
                    "value": "default"
                },
                "tags": {
                    "sensitive": false,
                    "type": "map",
                    "value": {
                        "Name": "poswallet-default-poswallet",
                        "Namespace": "poswallet",
                        "Stage": "default"
                    }
                }
            },
            "resources": {
                "null_resource.default": {
                    "type": "null_resource",
                    "depends_on": [],
                    "primary": {
                        "id": "1791432932663032411",
                        "attributes": {
                            "id": "1791432932663032411",
                            "triggers.%": "5",
                            "triggers.attributes": "",
                            "triggers.id": "poswallet-default-poswallet",
                            "triggers.name": "poswallet",
                            "triggers.namespace": "poswallet",
                            "triggers.stage": "default"
                        },
                        "meta": {},
                        "tainted": false
                    },
                    "deposed": [],
                    "provider": "provider.null"
                }
            },
            "depends_on": []
        },
        {
            "path": [
                "root",
                "vpc",
                "label"
            ],
            "outputs": {
                "attributes": {
                    "sensitive": false,
                    "type": "string",
                    "value": ""
                },
                "id": {
                    "sensitive": false,
                    "type": "string",
                    "value": "poswallet-default-poswallet"
                },
                "name": {
                    "sensitive": false,
                    "type": "string",
                    "value": "poswallet"
                },
                "namespace": {
                    "sensitive": false,
                    "type": "string",
                    "value": "poswallet"
                },
                "stage": {
                    "sensitive": false,
                    "type": "string",
                    "value": "default"
                },
                "tags": {
                    "sensitive": false,
                    "type": "map",
                    "value": {
                        "Name": "poswallet-default-poswallet",
                        "Namespace": "poswallet",
                        "Stage": "default"
                    }
                }
            },
            "resources": {
                "null_resource.default": {
                    "type": "null_resource",
                    "depends_on": [],
                    "primary": {
                        "id": "6145381196597964972",
                        "attributes": {
                            "id": "6145381196597964972",
                            "triggers.%": "5",
                            "triggers.attributes": "",
                            "triggers.id": "poswallet-default-poswallet",
                            "triggers.name": "poswallet",
                            "triggers.namespace": "poswallet",
                            "triggers.stage": "default"
                        },
                        "meta": {},
                        "tainted": false
                    },
                    "deposed": [],
                    "provider": "provider.null"
                }
            },
            "depends_on": []
        }
    ]
}
